{
	"name": "api",
	"version": "1.0.0",
	"lockfileVersion": 2,
	"requires": true,
	"packages": {
		"": {
			"name": "api",
			"version": "1.0.0",
			"dependencies": {
				"axios": "0.26.0",
				"tsfun": "5.5.38"
			},
			"devDependencies": {
				"@types/jasmine": "~3.5.0",
				"@types/node": "^12.12.38",
				"@types/pouchdb": "^6.4.0",
				"typescript": "~4.1.5"
			}
		},
		"../../../../core": {
			"name": "idai-field-core",
			"version": "1.3.0",
			"extraneous": true,
			"license": "Apache-2.0",
			"dependencies": {
				"rxjs": "~6.5.4",
				"tsfun": "5.5.38",
				"uuid": "^8.3.2"
			},
			"devDependencies": {
				"@babel/runtime": "^7.13.10",
				"@types/express": "^4.17.13",
				"@types/jasmine": "3.5.0",
				"@types/node": "^12.12.38",
				"@types/pouchdb": "6.4.0",
				"@types/uuid": "^8.3.0",
				"express": "^4.17.1",
				"express-pouchdb": "^4.2.0",
				"jasmine": "2.5.2",
				"jasmine-core": "~3.5.0",
				"nodemon": "^2.0.12",
				"pouchdb-node": "7.2.1",
				"rimraf": "2.6.2",
				"typescript": "~4.1.5"
			}
		},
		"node_modules/@types/debug": {
			"version": "4.1.7",
			"resolved": "https://registry.npmjs.org/@types/debug/-/debug-4.1.7.tgz",
			"integrity": "sha512-9AonUzyTjXXhEOa0DnqpzZi6VHlqKMswga9EXjpXnnqxwLtdvPPtlO8evrI5D9S6asFRCQ6v+wpiUKbw+vKqyg==",
			"dev": true,
			"dependencies": {
				"@types/ms": "*"
			}
		},
		"node_modules/@types/jasmine": {
			"version": "3.5.14",
			"resolved": "https://registry.npmjs.org/@types/jasmine/-/jasmine-3.5.14.tgz",
			"integrity": "sha512-Fkgk536sHPqcOtd+Ow+WiUNuk0TSo/BntKkF8wSvcd6M2FvPjeXcUE6Oz/bwDZiUZEaXLslAgw00Q94Pnx6T4w==",
			"dev": true
		},
		"node_modules/@types/ms": {
			"version": "0.7.31",
			"resolved": "https://registry.npmjs.org/@types/ms/-/ms-0.7.31.tgz",
			"integrity": "sha512-iiUgKzV9AuaEkZqkOLDIvlQiL6ltuZd9tGcW3gwpnX8JbuiuhFlEGmmFXEXkN50Cvq7Os88IY2v0dkDqXYWVgA==",
			"dev": true
		},
		"node_modules/@types/node": {
			"version": "12.20.47",
			"resolved": "https://registry.npmjs.org/@types/node/-/node-12.20.47.tgz",
			"integrity": "sha512-BzcaRsnFuznzOItW1WpQrDHM7plAa7GIDMZ6b5pnMbkqEtM/6WCOhvZar39oeMQP79gwvFUWjjptE7/KGcNqFg==",
			"dev": true
		},
		"node_modules/@types/pouchdb": {
			"version": "6.4.0",
			"resolved": "https://registry.npmjs.org/@types/pouchdb/-/pouchdb-6.4.0.tgz",
			"integrity": "sha512-eGCpX+NXhd5VLJuJMzwe3L79fa9+IDTrAG3CPaf4s/31PD56hOrhDJTSmRELSXuiqXr6+OHzzP0PldSaWsFt7w==",
			"dev": true,
			"dependencies": {
				"@types/pouchdb-adapter-cordova-sqlite": "*",
				"@types/pouchdb-adapter-fruitdown": "*",
				"@types/pouchdb-adapter-http": "*",
				"@types/pouchdb-adapter-idb": "*",
				"@types/pouchdb-adapter-leveldb": "*",
				"@types/pouchdb-adapter-localstorage": "*",
				"@types/pouchdb-adapter-memory": "*",
				"@types/pouchdb-adapter-node-websql": "*",
				"@types/pouchdb-adapter-websql": "*",
				"@types/pouchdb-browser": "*",
				"@types/pouchdb-core": "*",
				"@types/pouchdb-http": "*",
				"@types/pouchdb-mapreduce": "*",
				"@types/pouchdb-node": "*",
				"@types/pouchdb-replication": "*"
			}
		},
		"node_modules/@types/pouchdb-adapter-cordova-sqlite": {
			"version": "1.0.1",
			"resolved": "https://registry.npmjs.org/@types/pouchdb-adapter-cordova-sqlite/-/pouchdb-adapter-cordova-sqlite-1.0.1.tgz",
			"integrity": "sha512-nqlXpW1ho3KBg1mUQvZgH2755y3z/rw4UA7ZJCPMRTHofxGMY8izRVw5rHBL4/7P615or0J2udpRYxgkT3D02g==",
			"dev": true,
			"dependencies": {
				"@types/pouchdb-core": "*"
			}
		},
		"node_modules/@types/pouchdb-adapter-fruitdown": {
			"version": "6.1.3",
			"resolved": "https://registry.npmjs.org/@types/pouchdb-adapter-fruitdown/-/pouchdb-adapter-fruitdown-6.1.3.tgz",
			"integrity": "sha512-Wz1Z1JLOW1hgmFQjqnSkmyyfH7by/iWb4abKn684WMvQfmxx6BxKJpJ4+eulkVPQzzgMMSgU1MpnQOm9FgRkbw==",
			"dev": true,
			"dependencies": {
				"@types/pouchdb-core": "*"
			}
		},
		"node_modules/@types/pouchdb-adapter-http": {
			"version": "6.1.3",
			"resolved": "https://registry.npmjs.org/@types/pouchdb-adapter-http/-/pouchdb-adapter-http-6.1.3.tgz",
			"integrity": "sha512-9Z4TLbF/KJWy/D2sWRPBA+RNU0odQimfdvlDX+EY7rGcd3aVoH8qjD/X0Xcd/0dfBH5pKrNIMFFQgW/TylRCmA==",
			"dev": true,
			"dependencies": {
				"@types/pouchdb-core": "*"
			}
		},
		"node_modules/@types/pouchdb-adapter-idb": {
			"version": "6.1.4",
			"resolved": "https://registry.npmjs.org/@types/pouchdb-adapter-idb/-/pouchdb-adapter-idb-6.1.4.tgz",
			"integrity": "sha512-KIAXbkF4uYUz0ZwfNEFLtEkK44mEWopAsD76UhucH92XnJloBysav+TjI4FFfYQyTjoW3S1s6V+Z14CUJZ0F6w==",
			"dev": true,
			"dependencies": {
				"@types/pouchdb-core": "*"
			}
		},
		"node_modules/@types/pouchdb-adapter-leveldb": {
			"version": "6.1.3",
			"resolved": "https://registry.npmjs.org/@types/pouchdb-adapter-leveldb/-/pouchdb-adapter-leveldb-6.1.3.tgz",
			"integrity": "sha512-ex8NFqQGFwEpFi7AaZ5YofmuemfZNsL3nTFZBUCAKYMBkazQij1pe2ILLStSvJr0XS0qxgXjCEW19T5Wqiiskg==",
			"dev": true,
			"dependencies": {
				"@types/pouchdb-core": "*"
			}
		},
		"node_modules/@types/pouchdb-adapter-localstorage": {
			"version": "6.1.3",
			"resolved": "https://registry.npmjs.org/@types/pouchdb-adapter-localstorage/-/pouchdb-adapter-localstorage-6.1.3.tgz",
			"integrity": "sha512-oor040tye1KKiGLWYtIy7rRT7C2yoyX3Tf6elEJRpjOA7Ja/H8lKc4LaSh9ATbptIcES6MRqZDxtp7ly9hsW3Q==",
			"dev": true,
			"dependencies": {
				"@types/pouchdb-core": "*"
			}
		},
		"node_modules/@types/pouchdb-adapter-memory": {
			"version": "6.1.3",
			"resolved": "https://registry.npmjs.org/@types/pouchdb-adapter-memory/-/pouchdb-adapter-memory-6.1.3.tgz",
			"integrity": "sha512-gVbsIMzDzgZYThFVT4eVNsmuZwVm/4jDxP1sjlgc3qtDIxbtBhGgyNfcskwwz9Zu5Lv1avkDsIWvcxQhnvRlHg==",
			"dev": true,
			"dependencies": {
				"@types/pouchdb-core": "*"
			}
		},
		"node_modules/@types/pouchdb-adapter-node-websql": {
			"version": "6.1.3",
			"resolved": "https://registry.npmjs.org/@types/pouchdb-adapter-node-websql/-/pouchdb-adapter-node-websql-6.1.3.tgz",
			"integrity": "sha512-F/P+os6Jsa7CgHtH64+Z0HfwIcj0hIRB5z8gNhF7L7dxPWoAfkopK5H2gydrP3sQrlGyN4WInF+UJW/Zu1+FKg==",
			"dev": true,
			"dependencies": {
				"@types/pouchdb-adapter-websql": "*",
				"@types/pouchdb-core": "*"
			}
		},
		"node_modules/@types/pouchdb-adapter-websql": {
			"version": "6.1.4",
			"resolved": "https://registry.npmjs.org/@types/pouchdb-adapter-websql/-/pouchdb-adapter-websql-6.1.4.tgz",
			"integrity": "sha512-zMJQCtXC40hBsIDRn0GhmpeGMK0f9l/OGWfLguvczROzxxcOD7REI+e6SEmX7gJKw5JuMvlfuHzkQwjmvSJbtg==",
			"dev": true,
			"dependencies": {
				"@types/pouchdb-core": "*"
			}
		},
		"node_modules/@types/pouchdb-browser": {
			"version": "6.1.3",
			"resolved": "https://registry.npmjs.org/@types/pouchdb-browser/-/pouchdb-browser-6.1.3.tgz",
			"integrity": "sha512-EdYowrWxW9SWBMX/rux2eq7dbHi5Zeyzz+FF/IAsgQKnUxgeCO5VO2j4zTzos0SDyJvAQU+EYRc11r7xGn5tvA==",
			"dev": true,
			"dependencies": {
				"@types/pouchdb-adapter-http": "*",
				"@types/pouchdb-adapter-idb": "*",
				"@types/pouchdb-adapter-websql": "*",
				"@types/pouchdb-core": "*",
				"@types/pouchdb-mapreduce": "*",
				"@types/pouchdb-replication": "*"
			}
		},
		"node_modules/@types/pouchdb-core": {
			"version": "7.0.10",
			"resolved": "https://registry.npmjs.org/@types/pouchdb-core/-/pouchdb-core-7.0.10.tgz",
			"integrity": "sha512-mKhjLlWWXyV3PTTjDhzDV1kc2dolO7VYFa75IoKM/hr8Er9eo8RIbS7mJLfC8r/C3p6ihZu9yZs1PWC1LQ0SOA==",
			"dev": true,
			"dependencies": {
				"@types/debug": "*",
				"@types/pouchdb-find": "*"
			}
		},
		"node_modules/@types/pouchdb-find": {
			"version": "6.3.7",
			"resolved": "https://registry.npmjs.org/@types/pouchdb-find/-/pouchdb-find-6.3.7.tgz",
			"integrity": "sha512-b2dr9xoZRK5Mwl8UiRA9l5j9mmCxNfqXuu63H1KZHwJLILjoIIz7BntCvM0hnlnl7Q8P8wORq0IskuaMq5Nnnw==",
			"dev": true,
			"dependencies": {
				"@types/pouchdb-core": "*"
			}
		},
		"node_modules/@types/pouchdb-http": {
			"version": "6.1.3",
			"resolved": "https://registry.npmjs.org/@types/pouchdb-http/-/pouchdb-http-6.1.3.tgz",
			"integrity": "sha512-0e9E5SqNOyPl/3FnEIbENssB4FlJsNYuOy131nxrZk36S+y1R/6qO7ZVRypWpGTqBWSuVd7gCsq2UDwO/285+w==",
			"dev": true,
			"dependencies": {
				"@types/pouchdb-adapter-http": "*",
				"@types/pouchdb-core": "*"
			}
		},
		"node_modules/@types/pouchdb-mapreduce": {
			"version": "6.1.6",
			"resolved": "https://registry.npmjs.org/@types/pouchdb-mapreduce/-/pouchdb-mapreduce-6.1.6.tgz",
			"integrity": "sha512-YubC1pKmQGbPrZzYP5vUNrlafMTkO2+AZIumLB39Lkw1rYFxa4pwiKlygtDgJD2Gy+6A5Nu3ShTPrB3kPOXFyg==",
			"dev": true,
			"dependencies": {
				"@types/pouchdb-core": "*"
			}
		},
		"node_modules/@types/pouchdb-node": {
			"version": "6.1.4",
			"resolved": "https://registry.npmjs.org/@types/pouchdb-node/-/pouchdb-node-6.1.4.tgz",
			"integrity": "sha512-wnTCH8X1JOPpNOfVhz8HW0AvmdHh6pt40MuRj0jQnK7QEHsHS79WujsKTKSOF8QXtPwpvCNSsI7ut7H7tfxxJQ==",
			"dev": true,
			"dependencies": {
				"@types/pouchdb-adapter-http": "*",
				"@types/pouchdb-adapter-leveldb": "*",
				"@types/pouchdb-core": "*",
				"@types/pouchdb-mapreduce": "*",
				"@types/pouchdb-replication": "*"
			}
		},
		"node_modules/@types/pouchdb-replication": {
			"version": "6.4.3",
			"resolved": "https://registry.npmjs.org/@types/pouchdb-replication/-/pouchdb-replication-6.4.3.tgz",
			"integrity": "sha512-Dsyy8EhKGBIQAECKelfvufDjRO5Rsy8RlujVllbjHzu3OGu8cNP92/bykeXXC3hTgvrp5Kviqhh9VON1Iw+M3Q==",
			"dev": true,
			"dependencies": {
				"@types/pouchdb-core": "*",
				"@types/pouchdb-find": "*"
			}
		},
		"node_modules/axios": {
			"version": "0.26.0",
			"resolved": "https://registry.npmjs.org/axios/-/axios-0.26.0.tgz",
			"integrity": "sha512-lKoGLMYtHvFrPVt3r+RBMp9nh34N0M8zEfCWqdWZx6phynIEhQqAdydpyBAAG211zlhX9Rgu08cOamy6XjE5Og==",
			"dependencies": {
				"follow-redirects": "^1.14.8"
			}
		},
		"node_modules/follow-redirects": {
			"version": "1.14.9",
			"resolved": "https://registry.npmjs.org/follow-redirects/-/follow-redirects-1.14.9.tgz",
			"integrity": "sha512-MQDfihBQYMcyy5dhRDJUHcw7lb2Pv/TuE6xP1vyraLukNDHKbDxDNaOE3NbCAdKQApno+GPRyo1YAp89yCjK4w==",
			"funding": [
				{
					"type": "individual",
					"url": "https://github.com/sponsors/RubenVerborgh"
				}
			],
			"engines": {
				"node": ">=4.0"
			},
			"peerDependenciesMeta": {
				"debug": {
					"optional": true
				}
			}
		},
		"node_modules/ts-expect": {
			"version": "1.3.0",
			"resolved": "https://registry.npmjs.org/ts-expect/-/ts-expect-1.3.0.tgz",
			"integrity": "sha512-e4g0EJtAjk64xgnFPD6kTBUtpnMVzDrMb12N1YZV0VvSlhnVT3SGxiYTLdGy8Q5cYHOIC/FAHmZ10eGrAguicQ=="
		},
		"node_modules/tsfun": {
			"version": "5.5.38",
			"resolved": "https://registry.npmjs.org/tsfun/-/tsfun-5.5.38.tgz",
			"integrity": "sha512-ck5UrFGfCC8us/yWHFTKeV/mVFydTVb66GN1crz1h/QlW9RB8ugzQAl0//rPFtxTiClDx0iAKxpOMFRhKbsceQ==",
			"dependencies": {
				"ts-expect": "^1.3.0"
			}
		},
		"node_modules/typescript": {
			"version": "4.1.6",
			"resolved": "https://registry.npmjs.org/typescript/-/typescript-4.1.6.tgz",
			"integrity": "sha512-pxnwLxeb/Z5SP80JDRzVjh58KsM6jZHRAOtTpS7sXLS4ogXNKC9ANxHHZqLLeVHZN35jCtI4JdmLLbLiC1kBow==",
			"dev": true,
			"bin": {
				"tsc": "bin/tsc",
				"tsserver": "bin/tsserver"
			},
			"engines": {
				"node": ">=4.2.0"
			}
		}
	},
	"dependencies": {
		"@types/debug": {
			"version": "4.1.7",
			"resolved": "https://registry.npmjs.org/@types/debug/-/debug-4.1.7.tgz",
			"integrity": "sha512-9AonUzyTjXXhEOa0DnqpzZi6VHlqKMswga9EXjpXnnqxwLtdvPPtlO8evrI5D9S6asFRCQ6v+wpiUKbw+vKqyg==",
			"dev": true,
			"requires": {
				"@types/ms": "*"
			}
		},
		"@types/jasmine": {
			"version": "3.5.14",
			"resolved": "https://registry.npmjs.org/@types/jasmine/-/jasmine-3.5.14.tgz",
			"integrity": "sha512-Fkgk536sHPqcOtd+Ow+WiUNuk0TSo/BntKkF8wSvcd6M2FvPjeXcUE6Oz/bwDZiUZEaXLslAgw00Q94Pnx6T4w==",
			"dev": true
		},
		"@types/ms": {
			"version": "0.7.31",
			"resolved": "https://registry.npmjs.org/@types/ms/-/ms-0.7.31.tgz",
			"integrity": "sha512-iiUgKzV9AuaEkZqkOLDIvlQiL6ltuZd9tGcW3gwpnX8JbuiuhFlEGmmFXEXkN50Cvq7Os88IY2v0dkDqXYWVgA==",
			"dev": true
		},
		"@types/node": {
			"version": "12.20.47",
			"resolved": "https://registry.npmjs.org/@types/node/-/node-12.20.47.tgz",
			"integrity": "sha512-BzcaRsnFuznzOItW1WpQrDHM7plAa7GIDMZ6b5pnMbkqEtM/6WCOhvZar39oeMQP79gwvFUWjjptE7/KGcNqFg==",
			"dev": true
		},
		"@types/pouchdb": {
			"version": "6.4.0",
			"resolved": "https://registry.npmjs.org/@types/pouchdb/-/pouchdb-6.4.0.tgz",
			"integrity": "sha512-eGCpX+NXhd5VLJuJMzwe3L79fa9+IDTrAG3CPaf4s/31PD56hOrhDJTSmRELSXuiqXr6+OHzzP0PldSaWsFt7w==",
			"dev": true,
			"requires": {
				"@types/pouchdb-adapter-cordova-sqlite": "*",
				"@types/pouchdb-adapter-fruitdown": "*",
				"@types/pouchdb-adapter-http": "*",
				"@types/pouchdb-adapter-idb": "*",
				"@types/pouchdb-adapter-leveldb": "*",
				"@types/pouchdb-adapter-localstorage": "*",
				"@types/pouchdb-adapter-memory": "*",
				"@types/pouchdb-adapter-node-websql": "*",
				"@types/pouchdb-adapter-websql": "*",
				"@types/pouchdb-browser": "*",
				"@types/pouchdb-core": "*",
				"@types/pouchdb-http": "*",
				"@types/pouchdb-mapreduce": "*",
				"@types/pouchdb-node": "*",
				"@types/pouchdb-replication": "*"
			}
		},
		"@types/pouchdb-adapter-cordova-sqlite": {
			"version": "1.0.1",
			"resolved": "https://registry.npmjs.org/@types/pouchdb-adapter-cordova-sqlite/-/pouchdb-adapter-cordova-sqlite-1.0.1.tgz",
			"integrity": "sha512-nqlXpW1ho3KBg1mUQvZgH2755y3z/rw4UA7ZJCPMRTHofxGMY8izRVw5rHBL4/7P615or0J2udpRYxgkT3D02g==",
			"dev": true,
			"requires": {
				"@types/pouchdb-core": "*"
			}
		},
		"@types/pouchdb-adapter-fruitdown": {
			"version": "6.1.3",
			"resolved": "https://registry.npmjs.org/@types/pouchdb-adapter-fruitdown/-/pouchdb-adapter-fruitdown-6.1.3.tgz",
			"integrity": "sha512-Wz1Z1JLOW1hgmFQjqnSkmyyfH7by/iWb4abKn684WMvQfmxx6BxKJpJ4+eulkVPQzzgMMSgU1MpnQOm9FgRkbw==",
			"dev": true,
			"requires": {
				"@types/pouchdb-core": "*"
			}
		},
		"@types/pouchdb-adapter-http": {
			"version": "6.1.3",
			"resolved": "https://registry.npmjs.org/@types/pouchdb-adapter-http/-/pouchdb-adapter-http-6.1.3.tgz",
			"integrity": "sha512-9Z4TLbF/KJWy/D2sWRPBA+RNU0odQimfdvlDX+EY7rGcd3aVoH8qjD/X0Xcd/0dfBH5pKrNIMFFQgW/TylRCmA==",
			"dev": true,
			"requires": {
				"@types/pouchdb-core": "*"
			}
		},
		"@types/pouchdb-adapter-idb": {
			"version": "6.1.4",
			"resolved": "https://registry.npmjs.org/@types/pouchdb-adapter-idb/-/pouchdb-adapter-idb-6.1.4.tgz",
			"integrity": "sha512-KIAXbkF4uYUz0ZwfNEFLtEkK44mEWopAsD76UhucH92XnJloBysav+TjI4FFfYQyTjoW3S1s6V+Z14CUJZ0F6w==",
			"dev": true,
			"requires": {
				"@types/pouchdb-core": "*"
			}
		},
		"@types/pouchdb-adapter-leveldb": {
			"version": "6.1.3",
			"resolved": "https://registry.npmjs.org/@types/pouchdb-adapter-leveldb/-/pouchdb-adapter-leveldb-6.1.3.tgz",
			"integrity": "sha512-ex8NFqQGFwEpFi7AaZ5YofmuemfZNsL3nTFZBUCAKYMBkazQij1pe2ILLStSvJr0XS0qxgXjCEW19T5Wqiiskg==",
			"dev": true,
			"requires": {
				"@types/pouchdb-core": "*"
			}
		},
		"@types/pouchdb-adapter-localstorage": {
			"version": "6.1.3",
			"resolved": "https://registry.npmjs.org/@types/pouchdb-adapter-localstorage/-/pouchdb-adapter-localstorage-6.1.3.tgz",
			"integrity": "sha512-oor040tye1KKiGLWYtIy7rRT7C2yoyX3Tf6elEJRpjOA7Ja/H8lKc4LaSh9ATbptIcES6MRqZDxtp7ly9hsW3Q==",
			"dev": true,
			"requires": {
				"@types/pouchdb-core": "*"
			}
		},
		"@types/pouchdb-adapter-memory": {
			"version": "6.1.3",
			"resolved": "https://registry.npmjs.org/@types/pouchdb-adapter-memory/-/pouchdb-adapter-memory-6.1.3.tgz",
			"integrity": "sha512-gVbsIMzDzgZYThFVT4eVNsmuZwVm/4jDxP1sjlgc3qtDIxbtBhGgyNfcskwwz9Zu5Lv1avkDsIWvcxQhnvRlHg==",
			"dev": true,
			"requires": {
				"@types/pouchdb-core": "*"
			}
		},
		"@types/pouchdb-adapter-node-websql": {
			"version": "6.1.3",
			"resolved": "https://registry.npmjs.org/@types/pouchdb-adapter-node-websql/-/pouchdb-adapter-node-websql-6.1.3.tgz",
			"integrity": "sha512-F/P+os6Jsa7CgHtH64+Z0HfwIcj0hIRB5z8gNhF7L7dxPWoAfkopK5H2gydrP3sQrlGyN4WInF+UJW/Zu1+FKg==",
			"dev": true,
			"requires": {
				"@types/pouchdb-adapter-websql": "*",
				"@types/pouchdb-core": "*"
			}
		},
		"@types/pouchdb-adapter-websql": {
			"version": "6.1.4",
			"resolved": "https://registry.npmjs.org/@types/pouchdb-adapter-websql/-/pouchdb-adapter-websql-6.1.4.tgz",
			"integrity": "sha512-zMJQCtXC40hBsIDRn0GhmpeGMK0f9l/OGWfLguvczROzxxcOD7REI+e6SEmX7gJKw5JuMvlfuHzkQwjmvSJbtg==",
			"dev": true,
			"requires": {
				"@types/pouchdb-core": "*"
			}
		},
		"@types/pouchdb-browser": {
			"version": "6.1.3",
			"resolved": "https://registry.npmjs.org/@types/pouchdb-browser/-/pouchdb-browser-6.1.3.tgz",
			"integrity": "sha512-EdYowrWxW9SWBMX/rux2eq7dbHi5Zeyzz+FF/IAsgQKnUxgeCO5VO2j4zTzos0SDyJvAQU+EYRc11r7xGn5tvA==",
			"dev": true,
			"requires": {
				"@types/pouchdb-adapter-http": "*",
				"@types/pouchdb-adapter-idb": "*",
				"@types/pouchdb-adapter-websql": "*",
				"@types/pouchdb-core": "*",
				"@types/pouchdb-mapreduce": "*",
				"@types/pouchdb-replication": "*"
			}
		},
		"@types/pouchdb-core": {
			"version": "7.0.10",
			"resolved": "https://registry.npmjs.org/@types/pouchdb-core/-/pouchdb-core-7.0.10.tgz",
			"integrity": "sha512-mKhjLlWWXyV3PTTjDhzDV1kc2dolO7VYFa75IoKM/hr8Er9eo8RIbS7mJLfC8r/C3p6ihZu9yZs1PWC1LQ0SOA==",
			"dev": true,
			"requires": {
				"@types/debug": "*",
				"@types/pouchdb-find": "*"
			}
		},
		"@types/pouchdb-find": {
			"version": "6.3.7",
			"resolved": "https://registry.npmjs.org/@types/pouchdb-find/-/pouchdb-find-6.3.7.tgz",
			"integrity": "sha512-b2dr9xoZRK5Mwl8UiRA9l5j9mmCxNfqXuu63H1KZHwJLILjoIIz7BntCvM0hnlnl7Q8P8wORq0IskuaMq5Nnnw==",
			"dev": true,
			"requires": {
				"@types/pouchdb-core": "*"
			}
		},
		"@types/pouchdb-http": {
			"version": "6.1.3",
			"resolved": "https://registry.npmjs.org/@types/pouchdb-http/-/pouchdb-http-6.1.3.tgz",
			"integrity": "sha512-0e9E5SqNOyPl/3FnEIbENssB4FlJsNYuOy131nxrZk36S+y1R/6qO7ZVRypWpGTqBWSuVd7gCsq2UDwO/285+w==",
			"dev": true,
			"requires": {
				"@types/pouchdb-adapter-http": "*",
				"@types/pouchdb-core": "*"
			}
		},
		"@types/pouchdb-mapreduce": {
			"version": "6.1.6",
			"resolved": "https://registry.npmjs.org/@types/pouchdb-mapreduce/-/pouchdb-mapreduce-6.1.6.tgz",
			"integrity": "sha512-YubC1pKmQGbPrZzYP5vUNrlafMTkO2+AZIumLB39Lkw1rYFxa4pwiKlygtDgJD2Gy+6A5Nu3ShTPrB3kPOXFyg==",
			"dev": true,
			"requires": {
				"@types/pouchdb-core": "*"
			}
		},
		"@types/pouchdb-node": {
			"version": "6.1.4",
			"resolved": "https://registry.npmjs.org/@types/pouchdb-node/-/pouchdb-node-6.1.4.tgz",
			"integrity": "sha512-wnTCH8X1JOPpNOfVhz8HW0AvmdHh6pt40MuRj0jQnK7QEHsHS79WujsKTKSOF8QXtPwpvCNSsI7ut7H7tfxxJQ==",
			"dev": true,
			"requires": {
				"@types/pouchdb-adapter-http": "*",
				"@types/pouchdb-adapter-leveldb": "*",
				"@types/pouchdb-core": "*",
				"@types/pouchdb-mapreduce": "*",
				"@types/pouchdb-replication": "*"
			}
		},
		"@types/pouchdb-replication": {
			"version": "6.4.3",
			"resolved": "https://registry.npmjs.org/@types/pouchdb-replication/-/pouchdb-replication-6.4.3.tgz",
			"integrity": "sha512-Dsyy8EhKGBIQAECKelfvufDjRO5Rsy8RlujVllbjHzu3OGu8cNP92/bykeXXC3hTgvrp5Kviqhh9VON1Iw+M3Q==",
			"dev": true,
			"requires": {
				"@types/pouchdb-core": "*",
				"@types/pouchdb-find": "*"
			}
		},
		"axios": {
			"version": "0.26.0",
			"resolved": "https://registry.npmjs.org/axios/-/axios-0.26.0.tgz",
			"integrity": "sha512-lKoGLMYtHvFrPVt3r+RBMp9nh34N0M8zEfCWqdWZx6phynIEhQqAdydpyBAAG211zlhX9Rgu08cOamy6XjE5Og==",
			"requires": {
				"follow-redirects": "^1.14.8"
			}
		},
		"follow-redirects": {
			"version": "1.14.9",
			"resolved": "https://registry.npmjs.org/follow-redirects/-/follow-redirects-1.14.9.tgz",
			"integrity": "sha512-MQDfihBQYMcyy5dhRDJUHcw7lb2Pv/TuE6xP1vyraLukNDHKbDxDNaOE3NbCAdKQApno+GPRyo1YAp89yCjK4w=="
		},
		"ts-expect": {
			"version": "1.3.0",
			"resolved": "https://registry.npmjs.org/ts-expect/-/ts-expect-1.3.0.tgz",
			"integrity": "sha512-e4g0EJtAjk64xgnFPD6kTBUtpnMVzDrMb12N1YZV0VvSlhnVT3SGxiYTLdGy8Q5cYHOIC/FAHmZ10eGrAguicQ=="
		},
		"tsfun": {
			"version": "5.5.38",
			"resolved": "https://registry.npmjs.org/tsfun/-/tsfun-5.5.38.tgz",
			"integrity": "sha512-ck5UrFGfCC8us/yWHFTKeV/mVFydTVb66GN1crz1h/QlW9RB8ugzQAl0//rPFtxTiClDx0iAKxpOMFRhKbsceQ==",
			"requires": {
				"ts-expect": "^1.3.0"
			}
		},
		"typescript": {
			"version": "4.1.6",
			"resolved": "https://registry.npmjs.org/typescript/-/typescript-4.1.6.tgz",
			"integrity": "sha512-pxnwLxeb/Z5SP80JDRzVjh58KsM6jZHRAOtTpS7sXLS4ogXNKC9ANxHHZqLLeVHZN35jCtI4JdmLLbLiC1kBow==",
			"dev": true
		}
	}
}
