{
	"name": "api",
	"version": "1.0.0",
	"lockfileVersion": 2,
	"requires": true,
	"packages": {
		"": {
			"name": "api",
			"version": "1.0.0",
			"dependencies": {
				"axios": "0.26.0",
				"tsfun": "5.5.38"
			},
			"devDependencies": {
				"@types/jasmine": "~3.5.0",
				"@types/node": "^12.12.38",
				"@types/pouchdb": "^6.4.0",
				"typescript": "~4.1.5"
			}
		},
		"node_modules/@types/debug": {
			"version": "4.1.12",
			"resolved": "https://registry.npmjs.org/@types/debug/-/debug-4.1.12.tgz",
			"integrity": "sha512-vIChWdVG3LG1SMxEvI/AK+FWJthlrqlTu7fbrlywTkkaONwk/UAGaULXRlf8vkzFBLVm0zkMdCquhL5aOjhXPQ==",
			"dev": true,
			"dependencies": {
				"@types/ms": "*"
			}
		},
		"node_modules/@types/jasmine": {
			"version": "3.5.14",
			"resolved": "https://registry.npmjs.org/@types/jasmine/-/jasmine-3.5.14.tgz",
			"integrity": "sha512-Fkgk536sHPqcOtd+Ow+WiUNuk0TSo/BntKkF8wSvcd6M2FvPjeXcUE6Oz/bwDZiUZEaXLslAgw00Q94Pnx6T4w==",
			"dev": true
		},
		"node_modules/@types/ms": {
			"version": "0.7.34",
			"resolved": "https://registry.npmjs.org/@types/ms/-/ms-0.7.34.tgz",
			"integrity": "sha512-nG96G3Wp6acyAgJqGasjODb+acrI7KltPiRxzHPXnP3NgI28bpQDRv53olbqGXbfcgF5aiiHmO3xpwEpS5Ld9g==",
			"dev": true
		},
		"node_modules/@types/node": {
			"version": "12.20.55",
			"resolved": "https://registry.npmjs.org/@types/node/-/node-12.20.55.tgz",
			"integrity": "sha512-J8xLz7q2OFulZ2cyGTLE1TbbZcjpno7FaN6zdJNrgAdrJ+DZzh/uFR6YrTb4C+nXakvud8Q4+rbhoIWlYQbUFQ==",
			"dev": true
		},
		"node_modules/@types/pouchdb": {
			"version": "6.4.2",
			"resolved": "https://registry.npmjs.org/@types/pouchdb/-/pouchdb-6.4.2.tgz",
			"integrity": "sha512-YsI47rASdtzR+3V3JE2UKY58snhm0AglHBpyckQBkRYoCbTvGagXHtV0x5n8nzN04jQmvTG+Sm85cIzKT3KXBA==",
			"dev": true,
			"dependencies": {
				"@types/pouchdb-adapter-cordova-sqlite": "*",
				"@types/pouchdb-adapter-fruitdown": "*",
				"@types/pouchdb-adapter-http": "*",
				"@types/pouchdb-adapter-idb": "*",
				"@types/pouchdb-adapter-leveldb": "*",
				"@types/pouchdb-adapter-localstorage": "*",
				"@types/pouchdb-adapter-memory": "*",
				"@types/pouchdb-adapter-node-websql": "*",
				"@types/pouchdb-adapter-websql": "*",
				"@types/pouchdb-browser": "*",
				"@types/pouchdb-core": "*",
				"@types/pouchdb-http": "*",
				"@types/pouchdb-mapreduce": "*",
				"@types/pouchdb-node": "*",
				"@types/pouchdb-replication": "*"
			}
		},
		"node_modules/@types/pouchdb-adapter-cordova-sqlite": {
			"version": "1.0.4",
			"resolved": "https://registry.npmjs.org/@types/pouchdb-adapter-cordova-sqlite/-/pouchdb-adapter-cordova-sqlite-1.0.4.tgz",
			"integrity": "sha512-1MGjmAMux3OIyJ+iXfhJ5hNIzS+KjGJ05O3bF5Gen5TiJUFNK1bOp3VVV9SxXgz+hGwnBruBAWdAqhbB6ZHhSA==",
			"dev": true,
			"dependencies": {
				"@types/pouchdb-core": "*"
			}
		},
		"node_modules/@types/pouchdb-adapter-fruitdown": {
			"version": "6.1.6",
			"resolved": "https://registry.npmjs.org/@types/pouchdb-adapter-fruitdown/-/pouchdb-adapter-fruitdown-6.1.6.tgz",
			"integrity": "sha512-KaFB29hUI97eTtJI6pjv7EQcqhZ63qHWovKgyiE+HZF5fVmdrBbTmnIrbR87AJXcXKy47+oQFJ7rzxY8TalpLQ==",
			"dev": true,
			"dependencies": {
				"@types/pouchdb-core": "*"
			}
		},
		"node_modules/@types/pouchdb-adapter-http": {
			"version": "6.1.6",
			"resolved": "https://registry.npmjs.org/@types/pouchdb-adapter-http/-/pouchdb-adapter-http-6.1.6.tgz",
			"integrity": "sha512-DJur1mt07GJXwGb5K+MOILoCOSgoQpsi7hybcTzRLeR3IO8Y8eq7TnhTkftAJdx9VHJGOiOXFjO+8BYM69j5yA==",
			"dev": true,
			"dependencies": {
				"@types/pouchdb-core": "*"
			}
		},
		"node_modules/@types/pouchdb-adapter-idb": {
			"version": "6.1.7",
			"resolved": "https://registry.npmjs.org/@types/pouchdb-adapter-idb/-/pouchdb-adapter-idb-6.1.7.tgz",
			"integrity": "sha512-KwjkJ4fTNz5wPXYu20bUoWud7ty0t7tgdo4oc0AJvG+fcURAH7mI7uFmpE4dZIT+hUq5G61xu96AVq9b2q4T3g==",
			"dev": true,
			"dependencies": {
				"@types/pouchdb-core": "*"
			}
		},
		"node_modules/@types/pouchdb-adapter-leveldb": {
			"version": "6.1.6",
			"resolved": "https://registry.npmjs.org/@types/pouchdb-adapter-leveldb/-/pouchdb-adapter-leveldb-6.1.6.tgz",
			"integrity": "sha512-mqeTpA2Ni2U4FA5ISRESy4WwhfUahXViUa3jQpXGdSpruaeHlhTLzZJPyz7/mGlvdAfAFv9Vd5d6ys3ASmMujw==",
			"dev": true,
			"dependencies": {
				"@types/pouchdb-core": "*"
			}
		},
		"node_modules/@types/pouchdb-adapter-localstorage": {
			"version": "6.1.6",
			"resolved": "https://registry.npmjs.org/@types/pouchdb-adapter-localstorage/-/pouchdb-adapter-localstorage-6.1.6.tgz",
			"integrity": "sha512-+HQBCpD80XkKJE64r7uLwzkNRgkvMnhDI5rIFLx3USxdrRph/R3awcEubRFndcgtxzcUaL9iYw9KetgFMUqPrg==",
			"dev": true,
			"dependencies": {
				"@types/pouchdb-core": "*"
			}
		},
		"node_modules/@types/pouchdb-adapter-memory": {
			"version": "6.1.6",
			"resolved": "https://registry.npmjs.org/@types/pouchdb-adapter-memory/-/pouchdb-adapter-memory-6.1.6.tgz",
			"integrity": "sha512-QCCtW561XuwFACzP/4zYySzs/a4em0EeuQdszen0YOaGV1/fRqJE0dOlmzh8do4sNJomLO6+MFtEzguGljnkgA==",
			"dev": true,
			"dependencies": {
				"@types/pouchdb-core": "*"
			}
		},
		"node_modules/@types/pouchdb-adapter-node-websql": {
			"version": "6.1.5",
			"resolved": "https://registry.npmjs.org/@types/pouchdb-adapter-node-websql/-/pouchdb-adapter-node-websql-6.1.5.tgz",
			"integrity": "sha512-yi68syUvHs4OM3mzKlh4zfpov64KITIAnxi387zgdby6SEfAJzWPC0dfH77iEVRDGCrKb3cKTNkl/UGHnphaow==",
			"dev": true,
			"dependencies": {
				"@types/pouchdb-adapter-websql": "*",
				"@types/pouchdb-core": "*"
			}
		},
		"node_modules/@types/pouchdb-adapter-websql": {
			"version": "6.1.7",
			"resolved": "https://registry.npmjs.org/@types/pouchdb-adapter-websql/-/pouchdb-adapter-websql-6.1.7.tgz",
			"integrity": "sha512-9oNkP5ZCGMkQALO9KmtbHXlkBq8i2hoCEE6/gWzRicAvL1y+WIKjEQiIIEamMhj5u5tARvW3n2/r+JXwLCyYgw==",
			"dev": true,
			"dependencies": {
				"@types/pouchdb-core": "*"
			}
		},
		"node_modules/@types/pouchdb-browser": {
			"version": "6.1.5",
			"resolved": "https://registry.npmjs.org/@types/pouchdb-browser/-/pouchdb-browser-6.1.5.tgz",
			"integrity": "sha512-f+HjxEjYFpgoYWXnMI9AQZZ+SIG8dBiBPrpfWWGsCl+48rumsP5BuBWHq/aXoB8SRKYO0XdP4TNvMBWM3UATCw==",
			"dev": true,
			"dependencies": {
				"@types/pouchdb-adapter-http": "*",
				"@types/pouchdb-adapter-idb": "*",
				"@types/pouchdb-adapter-websql": "*",
				"@types/pouchdb-core": "*",
				"@types/pouchdb-mapreduce": "*",
				"@types/pouchdb-replication": "*"
			}
		},
		"node_modules/@types/pouchdb-core": {
			"version": "7.0.14",
			"resolved": "https://registry.npmjs.org/@types/pouchdb-core/-/pouchdb-core-7.0.14.tgz",
			"integrity": "sha512-ec63FAtmc1ForP4oNgLZoPYqjaBrkGTWA7jm+rQ7SEtIpOPpN4NCWF2/JyrhO64jjIzO5qkV/YNEpZlEZFxCcw==",
			"dev": true,
			"dependencies": {
				"@types/debug": "*",
				"@types/pouchdb-find": "*"
			}
		},
		"node_modules/@types/pouchdb-find": {
			"version": "7.3.3",
			"resolved": "https://registry.npmjs.org/@types/pouchdb-find/-/pouchdb-find-7.3.3.tgz",
			"integrity": "sha512-U7zXk67s9Ar+9Pwj5kSbuMnn8zif0AOOIPy4KRFeJ/S/Tk+mNS90soj+3OV21H8xyB7WTxjvS1JLablZC6C6ow==",
			"dev": true,
			"dependencies": {
				"@types/pouchdb-core": "*"
			}
		},
		"node_modules/@types/pouchdb-http": {
			"version": "6.1.5",
			"resolved": "https://registry.npmjs.org/@types/pouchdb-http/-/pouchdb-http-6.1.5.tgz",
			"integrity": "sha512-9jGCAl6DUsXIl1vjuPu8tzGykAr84549P4IS0zYdrOKq5eXzQRUb/tb2hEVTmmTcYKXu2P1N55ABsdDNZvzGGA==",
			"dev": true,
			"dependencies": {
				"@types/pouchdb-adapter-http": "*",
				"@types/pouchdb-core": "*"
			}
		},
		"node_modules/@types/pouchdb-mapreduce": {
			"version": "6.1.10",
			"resolved": "https://registry.npmjs.org/@types/pouchdb-mapreduce/-/pouchdb-mapreduce-6.1.10.tgz",
			"integrity": "sha512-AgYVqCnaA5D7cWkWyzZVuk0137N4yZsmIQTD/i3DmuMxYYoFrtWUoQu0tbA52SpTRGdL8ubQ7JFQXzA13fA6IQ==",
			"dev": true,
			"dependencies": {
				"@types/pouchdb-core": "*"
			}
		},
		"node_modules/@types/pouchdb-node": {
			"version": "6.1.7",
			"resolved": "https://registry.npmjs.org/@types/pouchdb-node/-/pouchdb-node-6.1.7.tgz",
			"integrity": "sha512-hryc2eCtNB3GbLcHSwU8glLaY66gDMus1AYkcIYAAxufdnK2BAy1oxaRLmnwRn1A1vG41P/t0htFD161LUnfQw==",
			"dev": true,
			"dependencies": {
				"@types/pouchdb-adapter-http": "*",
				"@types/pouchdb-adapter-leveldb": "*",
				"@types/pouchdb-core": "*",
				"@types/pouchdb-mapreduce": "*",
				"@types/pouchdb-replication": "*"
			}
		},
		"node_modules/@types/pouchdb-replication": {
			"version": "6.4.7",
			"resolved": "https://registry.npmjs.org/@types/pouchdb-replication/-/pouchdb-replication-6.4.7.tgz",
			"integrity": "sha512-slB4zOwri3SAVHioFx/FWC/KqOzzb7nDFtV+qzaKzxkf+U5zTwCbK3uRHaj0d/XQk0DwVeajf1ni3Wiyq3j2OA==",
			"dev": true,
			"dependencies": {
				"@types/pouchdb-core": "*",
				"@types/pouchdb-find": "*"
			}
		},
		"node_modules/axios": {
			"version": "0.26.0",
			"resolved": "https://registry.npmjs.org/axios/-/axios-0.26.0.tgz",
			"integrity": "sha512-lKoGLMYtHvFrPVt3r+RBMp9nh34N0M8zEfCWqdWZx6phynIEhQqAdydpyBAAG211zlhX9Rgu08cOamy6XjE5Og==",
			"dependencies": {
				"follow-redirects": "^1.14.8"
			}
		},
		"node_modules/follow-redirects": {
			"version": "1.15.6",
			"resolved": "https://registry.npmjs.org/follow-redirects/-/follow-redirects-1.15.6.tgz",
			"integrity": "sha512-wWN62YITEaOpSK584EZXJafH1AGpO8RVgElfkuXbTOrPX4fIfOyEpW/CsiNd8JdYrAoOvafRTOEnvsO++qCqFA==",
			"funding": [
				{
					"type": "individual",
					"url": "https://github.com/sponsors/RubenVerborgh"
				}
			],
			"engines": {
				"node": ">=4.0"
			},
			"peerDependenciesMeta": {
				"debug": {
					"optional": true
				}
			}
		},
		"node_modules/ts-expect": {
			"version": "1.3.0",
			"resolved": "https://registry.npmjs.org/ts-expect/-/ts-expect-1.3.0.tgz",
			"integrity": "sha512-e4g0EJtAjk64xgnFPD6kTBUtpnMVzDrMb12N1YZV0VvSlhnVT3SGxiYTLdGy8Q5cYHOIC/FAHmZ10eGrAguicQ=="
		},
		"node_modules/tsfun": {
			"version": "5.5.38",
			"resolved": "https://registry.npmjs.org/tsfun/-/tsfun-5.5.38.tgz",
			"integrity": "sha512-ck5UrFGfCC8us/yWHFTKeV/mVFydTVb66GN1crz1h/QlW9RB8ugzQAl0//rPFtxTiClDx0iAKxpOMFRhKbsceQ==",
			"dependencies": {
				"ts-expect": "^1.3.0"
			}
		},
		"node_modules/typescript": {
			"version": "4.1.6",
			"resolved": "https://registry.npmjs.org/typescript/-/typescript-4.1.6.tgz",
			"integrity": "sha512-pxnwLxeb/Z5SP80JDRzVjh58KsM6jZHRAOtTpS7sXLS4ogXNKC9ANxHHZqLLeVHZN35jCtI4JdmLLbLiC1kBow==",
			"dev": true,
			"bin": {
				"tsc": "bin/tsc",
				"tsserver": "bin/tsserver"
			},
			"engines": {
				"node": ">=4.2.0"
			}
		}
	},
	"dependencies": {
		"@types/debug": {
			"version": "4.1.12",
			"resolved": "https://registry.npmjs.org/@types/debug/-/debug-4.1.12.tgz",
			"integrity": "sha512-vIChWdVG3LG1SMxEvI/AK+FWJthlrqlTu7fbrlywTkkaONwk/UAGaULXRlf8vkzFBLVm0zkMdCquhL5aOjhXPQ==",
			"dev": true,
			"requires": {
				"@types/ms": "*"
			}
		},
		"@types/jasmine": {
			"version": "3.5.14",
			"resolved": "https://registry.npmjs.org/@types/jasmine/-/jasmine-3.5.14.tgz",
			"integrity": "sha512-Fkgk536sHPqcOtd+Ow+WiUNuk0TSo/BntKkF8wSvcd6M2FvPjeXcUE6Oz/bwDZiUZEaXLslAgw00Q94Pnx6T4w==",
			"dev": true
		},
		"@types/ms": {
			"version": "0.7.34",
			"resolved": "https://registry.npmjs.org/@types/ms/-/ms-0.7.34.tgz",
			"integrity": "sha512-nG96G3Wp6acyAgJqGasjODb+acrI7KltPiRxzHPXnP3NgI28bpQDRv53olbqGXbfcgF5aiiHmO3xpwEpS5Ld9g==",
			"dev": true
		},
		"@types/node": {
			"version": "12.20.55",
			"resolved": "https://registry.npmjs.org/@types/node/-/node-12.20.55.tgz",
			"integrity": "sha512-J8xLz7q2OFulZ2cyGTLE1TbbZcjpno7FaN6zdJNrgAdrJ+DZzh/uFR6YrTb4C+nXakvud8Q4+rbhoIWlYQbUFQ==",
			"dev": true
		},
		"@types/pouchdb": {
			"version": "6.4.2",
			"resolved": "https://registry.npmjs.org/@types/pouchdb/-/pouchdb-6.4.2.tgz",
			"integrity": "sha512-YsI47rASdtzR+3V3JE2UKY58snhm0AglHBpyckQBkRYoCbTvGagXHtV0x5n8nzN04jQmvTG+Sm85cIzKT3KXBA==",
			"dev": true,
			"requires": {
				"@types/pouchdb-adapter-cordova-sqlite": "*",
				"@types/pouchdb-adapter-fruitdown": "*",
				"@types/pouchdb-adapter-http": "*",
				"@types/pouchdb-adapter-idb": "*",
				"@types/pouchdb-adapter-leveldb": "*",
				"@types/pouchdb-adapter-localstorage": "*",
				"@types/pouchdb-adapter-memory": "*",
				"@types/pouchdb-adapter-node-websql": "*",
				"@types/pouchdb-adapter-websql": "*",
				"@types/pouchdb-browser": "*",
				"@types/pouchdb-core": "*",
				"@types/pouchdb-http": "*",
				"@types/pouchdb-mapreduce": "*",
				"@types/pouchdb-node": "*",
				"@types/pouchdb-replication": "*"
			}
		},
		"@types/pouchdb-adapter-cordova-sqlite": {
			"version": "1.0.4",
			"resolved": "https://registry.npmjs.org/@types/pouchdb-adapter-cordova-sqlite/-/pouchdb-adapter-cordova-sqlite-1.0.4.tgz",
			"integrity": "sha512-1MGjmAMux3OIyJ+iXfhJ5hNIzS+KjGJ05O3bF5Gen5TiJUFNK1bOp3VVV9SxXgz+hGwnBruBAWdAqhbB6ZHhSA==",
			"dev": true,
			"requires": {
				"@types/pouchdb-core": "*"
			}
		},
		"@types/pouchdb-adapter-fruitdown": {
			"version": "6.1.6",
			"resolved": "https://registry.npmjs.org/@types/pouchdb-adapter-fruitdown/-/pouchdb-adapter-fruitdown-6.1.6.tgz",
			"integrity": "sha512-KaFB29hUI97eTtJI6pjv7EQcqhZ63qHWovKgyiE+HZF5fVmdrBbTmnIrbR87AJXcXKy47+oQFJ7rzxY8TalpLQ==",
			"dev": true,
			"requires": {
				"@types/pouchdb-core": "*"
			}
		},
		"@types/pouchdb-adapter-http": {
			"version": "6.1.6",
			"resolved": "https://registry.npmjs.org/@types/pouchdb-adapter-http/-/pouchdb-adapter-http-6.1.6.tgz",
			"integrity": "sha512-DJur1mt07GJXwGb5K+MOILoCOSgoQpsi7hybcTzRLeR3IO8Y8eq7TnhTkftAJdx9VHJGOiOXFjO+8BYM69j5yA==",
			"dev": true,
			"requires": {
				"@types/pouchdb-core": "*"
			}
		},
		"@types/pouchdb-adapter-idb": {
			"version": "6.1.7",
			"resolved": "https://registry.npmjs.org/@types/pouchdb-adapter-idb/-/pouchdb-adapter-idb-6.1.7.tgz",
			"integrity": "sha512-KwjkJ4fTNz5wPXYu20bUoWud7ty0t7tgdo4oc0AJvG+fcURAH7mI7uFmpE4dZIT+hUq5G61xu96AVq9b2q4T3g==",
			"dev": true,
			"requires": {
				"@types/pouchdb-core": "*"
			}
		},
		"@types/pouchdb-adapter-leveldb": {
			"version": "6.1.6",
			"resolved": "https://registry.npmjs.org/@types/pouchdb-adapter-leveldb/-/pouchdb-adapter-leveldb-6.1.6.tgz",
			"integrity": "sha512-mqeTpA2Ni2U4FA5ISRESy4WwhfUahXViUa3jQpXGdSpruaeHlhTLzZJPyz7/mGlvdAfAFv9Vd5d6ys3ASmMujw==",
			"dev": true,
			"requires": {
				"@types/pouchdb-core": "*"
			}
		},
		"@types/pouchdb-adapter-localstorage": {
			"version": "6.1.6",
			"resolved": "https://registry.npmjs.org/@types/pouchdb-adapter-localstorage/-/pouchdb-adapter-localstorage-6.1.6.tgz",
			"integrity": "sha512-+HQBCpD80XkKJE64r7uLwzkNRgkvMnhDI5rIFLx3USxdrRph/R3awcEubRFndcgtxzcUaL9iYw9KetgFMUqPrg==",
			"dev": true,
			"requires": {
				"@types/pouchdb-core": "*"
			}
		},
		"@types/pouchdb-adapter-memory": {
			"version": "6.1.6",
			"resolved": "https://registry.npmjs.org/@types/pouchdb-adapter-memory/-/pouchdb-adapter-memory-6.1.6.tgz",
			"integrity": "sha512-QCCtW561XuwFACzP/4zYySzs/a4em0EeuQdszen0YOaGV1/fRqJE0dOlmzh8do4sNJomLO6+MFtEzguGljnkgA==",
			"dev": true,
			"requires": {
				"@types/pouchdb-core": "*"
			}
		},
		"@types/pouchdb-adapter-node-websql": {
			"version": "6.1.5",
			"resolved": "https://registry.npmjs.org/@types/pouchdb-adapter-node-websql/-/pouchdb-adapter-node-websql-6.1.5.tgz",
			"integrity": "sha512-yi68syUvHs4OM3mzKlh4zfpov64KITIAnxi387zgdby6SEfAJzWPC0dfH77iEVRDGCrKb3cKTNkl/UGHnphaow==",
			"dev": true,
			"requires": {
				"@types/pouchdb-adapter-websql": "*",
				"@types/pouchdb-core": "*"
			}
		},
		"@types/pouchdb-adapter-websql": {
			"version": "6.1.7",
			"resolved": "https://registry.npmjs.org/@types/pouchdb-adapter-websql/-/pouchdb-adapter-websql-6.1.7.tgz",
			"integrity": "sha512-9oNkP5ZCGMkQALO9KmtbHXlkBq8i2hoCEE6/gWzRicAvL1y+WIKjEQiIIEamMhj5u5tARvW3n2/r+JXwLCyYgw==",
			"dev": true,
			"requires": {
				"@types/pouchdb-core": "*"
			}
		},
		"@types/pouchdb-browser": {
			"version": "6.1.5",
			"resolved": "https://registry.npmjs.org/@types/pouchdb-browser/-/pouchdb-browser-6.1.5.tgz",
			"integrity": "sha512-f+HjxEjYFpgoYWXnMI9AQZZ+SIG8dBiBPrpfWWGsCl+48rumsP5BuBWHq/aXoB8SRKYO0XdP4TNvMBWM3UATCw==",
			"dev": true,
			"requires": {
				"@types/pouchdb-adapter-http": "*",
				"@types/pouchdb-adapter-idb": "*",
				"@types/pouchdb-adapter-websql": "*",
				"@types/pouchdb-core": "*",
				"@types/pouchdb-mapreduce": "*",
				"@types/pouchdb-replication": "*"
			}
		},
		"@types/pouchdb-core": {
			"version": "7.0.14",
			"resolved": "https://registry.npmjs.org/@types/pouchdb-core/-/pouchdb-core-7.0.14.tgz",
			"integrity": "sha512-ec63FAtmc1ForP4oNgLZoPYqjaBrkGTWA7jm+rQ7SEtIpOPpN4NCWF2/JyrhO64jjIzO5qkV/YNEpZlEZFxCcw==",
			"dev": true,
			"requires": {
				"@types/debug": "*",
				"@types/pouchdb-find": "*"
			}
		},
		"@types/pouchdb-find": {
			"version": "7.3.3",
			"resolved": "https://registry.npmjs.org/@types/pouchdb-find/-/pouchdb-find-7.3.3.tgz",
			"integrity": "sha512-U7zXk67s9Ar+9Pwj5kSbuMnn8zif0AOOIPy4KRFeJ/S/Tk+mNS90soj+3OV21H8xyB7WTxjvS1JLablZC6C6ow==",
			"dev": true,
			"requires": {
				"@types/pouchdb-core": "*"
			}
		},
		"@types/pouchdb-http": {
			"version": "6.1.5",
			"resolved": "https://registry.npmjs.org/@types/pouchdb-http/-/pouchdb-http-6.1.5.tgz",
			"integrity": "sha512-9jGCAl6DUsXIl1vjuPu8tzGykAr84549P4IS0zYdrOKq5eXzQRUb/tb2hEVTmmTcYKXu2P1N55ABsdDNZvzGGA==",
			"dev": true,
			"requires": {
				"@types/pouchdb-adapter-http": "*",
				"@types/pouchdb-core": "*"
			}
		},
		"@types/pouchdb-mapreduce": {
			"version": "6.1.10",
			"resolved": "https://registry.npmjs.org/@types/pouchdb-mapreduce/-/pouchdb-mapreduce-6.1.10.tgz",
			"integrity": "sha512-AgYVqCnaA5D7cWkWyzZVuk0137N4yZsmIQTD/i3DmuMxYYoFrtWUoQu0tbA52SpTRGdL8ubQ7JFQXzA13fA6IQ==",
			"dev": true,
			"requires": {
				"@types/pouchdb-core": "*"
			}
		},
		"@types/pouchdb-node": {
			"version": "6.1.7",
			"resolved": "https://registry.npmjs.org/@types/pouchdb-node/-/pouchdb-node-6.1.7.tgz",
			"integrity": "sha512-hryc2eCtNB3GbLcHSwU8glLaY66gDMus1AYkcIYAAxufdnK2BAy1oxaRLmnwRn1A1vG41P/t0htFD161LUnfQw==",
			"dev": true,
			"requires": {
				"@types/pouchdb-adapter-http": "*",
				"@types/pouchdb-adapter-leveldb": "*",
				"@types/pouchdb-core": "*",
				"@types/pouchdb-mapreduce": "*",
				"@types/pouchdb-replication": "*"
			}
		},
		"@types/pouchdb-replication": {
			"version": "6.4.7",
			"resolved": "https://registry.npmjs.org/@types/pouchdb-replication/-/pouchdb-replication-6.4.7.tgz",
			"integrity": "sha512-slB4zOwri3SAVHioFx/FWC/KqOzzb7nDFtV+qzaKzxkf+U5zTwCbK3uRHaj0d/XQk0DwVeajf1ni3Wiyq3j2OA==",
			"dev": true,
			"requires": {
				"@types/pouchdb-core": "*",
				"@types/pouchdb-find": "*"
			}
		},
		"axios": {
			"version": "0.26.0",
			"resolved": "https://registry.npmjs.org/axios/-/axios-0.26.0.tgz",
			"integrity": "sha512-lKoGLMYtHvFrPVt3r+RBMp9nh34N0M8zEfCWqdWZx6phynIEhQqAdydpyBAAG211zlhX9Rgu08cOamy6XjE5Og==",
			"requires": {
				"follow-redirects": "^1.14.8"
			}
		},
		"follow-redirects": {
			"version": "1.15.6",
			"resolved": "https://registry.npmjs.org/follow-redirects/-/follow-redirects-1.15.6.tgz",
			"integrity": "sha512-wWN62YITEaOpSK584EZXJafH1AGpO8RVgElfkuXbTOrPX4fIfOyEpW/CsiNd8JdYrAoOvafRTOEnvsO++qCqFA=="
		},
		"ts-expect": {
			"version": "1.3.0",
			"resolved": "https://registry.npmjs.org/ts-expect/-/ts-expect-1.3.0.tgz",
			"integrity": "sha512-e4g0EJtAjk64xgnFPD6kTBUtpnMVzDrMb12N1YZV0VvSlhnVT3SGxiYTLdGy8Q5cYHOIC/FAHmZ10eGrAguicQ=="
		},
		"tsfun": {
			"version": "5.5.38",
			"resolved": "https://registry.npmjs.org/tsfun/-/tsfun-5.5.38.tgz",
			"integrity": "sha512-ck5UrFGfCC8us/yWHFTKeV/mVFydTVb66GN1crz1h/QlW9RB8ugzQAl0//rPFtxTiClDx0iAKxpOMFRhKbsceQ==",
			"requires": {
				"ts-expect": "^1.3.0"
			}
		},
		"typescript": {
			"version": "4.1.6",
			"resolved": "https://registry.npmjs.org/typescript/-/typescript-4.1.6.tgz",
			"integrity": "sha512-pxnwLxeb/Z5SP80JDRzVjh58KsM6jZHRAOtTpS7sXLS4ogXNKC9ANxHHZqLLeVHZN35jCtI4JdmLLbLiC1kBow==",
			"dev": true
		}
	}
}
