{
    "name": "idai-field-core",
    "version": "2.19.0",
    "lockfileVersion": 1,
    "requires": true,
    "dependencies": {
        "idai-components-2": {
            "version": "1.47.36",
            "resolved": "https://registry.npmjs.org/idai-components-2/-/idai-components-2-1.47.36.tgz",
            "integrity": "sha512-pqtlDA+7+i0Pi1AgmKEFizS9tltOeC+LXeZmagl0qbPX9t1tQ3mqKnahUd0ja+e00kHjQresigR576Psl6hOwg=="
        },
        "tsfun": {
            "version": "4.4.61",
            "resolved": "https://registry.npmjs.org/tsfun/-/tsfun-4.4.61.tgz",
            "integrity": "sha512-ffnGxs13hD5AfhAtQlxQlalPmZWfQB1PEN9qxYVSFV3iLJr1vggm3QaJrCTc/biftMdFv2gMHHX8CoHRJYcq5Q=="
        },
        "typescript": {
            "version": "3.8.3",
            "resolved": "https://registry.npmjs.org/typescript/-/typescript-3.8.3.tgz",
            "integrity": "sha512-MYlEfn5VrLNsgudQTVJeNaQFUAI7DkhnOjdpAp4T+ku1TfQClewlbSuTVHiA+8skNBgaf02TL/kLOvig4y3G8w==",
            "dev": true
        }
    }
}
