{
	"name": "@idai-field/core",
	"version": "1.0.0",
	"lockfileVersion": 2,
	"requires": true,
	"packages": {
		"": {
			"name": "@idai-field/core",
			"version": "1.0.0",
			"license": "Apache-2.0",
			"dependencies": {
				"idai-components-2": "1.52.0",
				"tsfun": "4.16.0"
			},
			"devDependencies": {
				"@types/jasmine": "3.5.0",
				"jasmine": "2.5.2",
				"jasmine-core": "~3.5.0",
				"typescript": "~4.0.0"
			}
		},
		"node_modules/@types/jasmine": {
			"version": "3.5.0",
			"resolved": "https://registry.npmjs.org/@types/jasmine/-/jasmine-3.5.0.tgz",
			"integrity": "sha512-kGCRI9oiCxFS6soGKlyzhMzDydfcPix9PpTkr7h11huxOxhWwP37Tg7DYBaQ18eQTNreZEuLkhpbGSqVNZPnnw==",
			"dev": true
		},
		"node_modules/balanced-match": {
			"version": "1.0.0",
			"resolved": "https://registry.npmjs.org/balanced-match/-/balanced-match-1.0.0.tgz",
			"integrity": "sha1-ibTRmasr7kneFk6gK4nORi1xt2c=",
			"dev": true
		},
		"node_modules/brace-expansion": {
			"version": "1.1.11",
			"resolved": "https://registry.npmjs.org/brace-expansion/-/brace-expansion-1.1.11.tgz",
			"integrity": "sha512-iCuPHDFgrHX7H2vEI/5xpz07zSHB00TpugqhmYtVmMO6518mCuRMoOYFldEBl0g187ufozdaHgWKcYFb61qGiA==",
			"dev": true,
			"dependencies": {
				"balanced-match": "^1.0.0",
				"concat-map": "0.0.1"
			}
		},
		"node_modules/concat-map": {
			"version": "0.0.1",
			"resolved": "https://registry.npmjs.org/concat-map/-/concat-map-0.0.1.tgz",
			"integrity": "sha1-2Klr13/Wjfd5OnMDajug1UBdR3s=",
			"dev": true
		},
		"node_modules/exit": {
			"version": "0.1.2",
			"resolved": "https://registry.npmjs.org/exit/-/exit-0.1.2.tgz",
			"integrity": "sha1-BjJjj42HfMghB9MKD/8aF8uhzQw=",
			"dev": true,
			"engines": {
				"node": ">= 0.8.0"
			}
		},
		"node_modules/fs.realpath": {
			"version": "1.0.0",
			"resolved": "https://registry.npmjs.org/fs.realpath/-/fs.realpath-1.0.0.tgz",
			"integrity": "sha1-FQStJSMVjKpA20onh8sBQRmU6k8=",
			"dev": true
		},
		"node_modules/glob": {
			"version": "7.1.6",
			"resolved": "https://registry.npmjs.org/glob/-/glob-7.1.6.tgz",
			"integrity": "sha512-LwaxwyZ72Lk7vZINtNNrywX0ZuLyStrdDtabefZKAY5ZGJhVtgdznluResxNmPitE0SAO+O26sWTHeKSI2wMBA==",
			"dev": true,
			"dependencies": {
				"fs.realpath": "^1.0.0",
				"inflight": "^1.0.4",
				"inherits": "2",
				"minimatch": "^3.0.4",
				"once": "^1.3.0",
				"path-is-absolute": "^1.0.0"
			},
			"engines": {
				"node": "*"
			}
		},
		"node_modules/idai-components-2": {
			"version": "1.52.0",
			"resolved": "https://registry.npmjs.org/idai-components-2/-/idai-components-2-1.52.0.tgz",
			"integrity": "sha512-tG39u3BFx93KxpYbUbho79v9rCzAOziL//eLVw9/on1oNbcvHFS47IJrt+/v4AC/0S/JS99vhU979wGEdQDSpw=="
		},
		"node_modules/inflight": {
			"version": "1.0.6",
			"resolved": "https://registry.npmjs.org/inflight/-/inflight-1.0.6.tgz",
			"integrity": "sha1-Sb1jMdfQLQwJvJEKEHW6gWW1bfk=",
			"dev": true,
			"dependencies": {
				"once": "^1.3.0",
				"wrappy": "1"
			}
		},
		"node_modules/inherits": {
			"version": "2.0.4",
			"resolved": "https://registry.npmjs.org/inherits/-/inherits-2.0.4.tgz",
			"integrity": "sha512-k/vGaX4/Yla3WzyMCvTQOXYeIHvqOKtnqBduzTHpzpQZzAskKMhZ2K+EnBiSM9zGSoIFeMpXKxa4dYeZIQqewQ==",
			"dev": true
		},
		"node_modules/jasmine": {
			"version": "2.5.2",
			"resolved": "https://registry.npmjs.org/jasmine/-/jasmine-2.5.2.tgz",
			"integrity": "sha1-YoPO9whcCVzCXWUelU3wBPfj5CE=",
			"dev": true,
			"dependencies": {
				"exit": "^0.1.2",
				"glob": "^7.0.6",
				"jasmine-core": "~2.5.2"
			},
			"bin": {
				"jasmine": "bin/jasmine.js"
			}
		},
		"node_modules/jasmine-core": {
			"version": "3.5.0",
			"resolved": "https://registry.npmjs.org/jasmine-core/-/jasmine-core-3.5.0.tgz",
			"integrity": "sha512-nCeAiw37MIMA9w9IXso7bRaLl+c/ef3wnxsoSAlYrzS+Ot0zTG6nU8G/cIfGkqpkjX2wNaIW9RFG0TwIFnG6bA==",
			"dev": true
		},
		"node_modules/jasmine/node_modules/jasmine-core": {
			"version": "2.5.2",
			"resolved": "https://registry.npmjs.org/jasmine-core/-/jasmine-core-2.5.2.tgz",
			"integrity": "sha1-b2G9eQYeJ/Q+b5NV5Es8bKtv8pc=",
			"dev": true
		},
		"node_modules/minimatch": {
			"version": "3.0.4",
			"resolved": "https://registry.npmjs.org/minimatch/-/minimatch-3.0.4.tgz",
			"integrity": "sha512-yJHVQEhyqPLUTgt9B83PXu6W3rx4MvvHvSUvToogpwoGDOUQ+yDrR0HRot+yOCdCO7u4hX3pWft6kWBBcqh0UA==",
			"dev": true,
			"dependencies": {
				"brace-expansion": "^1.1.7"
			},
			"engines": {
				"node": "*"
			}
		},
		"node_modules/once": {
			"version": "1.4.0",
			"resolved": "https://registry.npmjs.org/once/-/once-1.4.0.tgz",
			"integrity": "sha1-WDsap3WWHUsROsF9nFC6753Xa9E=",
			"dev": true,
			"dependencies": {
				"wrappy": "1"
			}
		},
		"node_modules/path-is-absolute": {
			"version": "1.0.1",
			"resolved": "https://registry.npmjs.org/path-is-absolute/-/path-is-absolute-1.0.1.tgz",
			"integrity": "sha1-F0uSaHNVNP+8es5r9TpanhtcX18=",
			"dev": true,
			"engines": {
				"node": ">=0.10.0"
			}
		},
		"node_modules/ts-expect": {
			"version": "1.3.0",
			"resolved": "https://registry.npmjs.org/ts-expect/-/ts-expect-1.3.0.tgz",
			"integrity": "sha512-e4g0EJtAjk64xgnFPD6kTBUtpnMVzDrMb12N1YZV0VvSlhnVT3SGxiYTLdGy8Q5cYHOIC/FAHmZ10eGrAguicQ=="
		},
		"node_modules/tsfun": {
			"version": "4.16.0",
			"resolved": "https://registry.npmjs.org/tsfun/-/tsfun-4.16.0.tgz",
			"integrity": "sha512-bx95U9aIJMONHUd4DBt9uH+TNqz/Pb9EBVmgI504kaTQBuzQGwnJwwT1j9qZrpAEyHlpCfsvTyjL0EC8azbS4w==",
			"license": "Apache-2.0",
			"dependencies": {
				"ts-expect": "^1.3.0"
			}
		},
		"node_modules/typescript": {
			"version": "4.0.7",
			"resolved": "https://registry.npmjs.org/typescript/-/typescript-4.0.7.tgz",
			"integrity": "sha512-yi7M4y74SWvYbnazbn8/bmJmX4Zlej39ZOqwG/8dut/MYoSQ119GY9ZFbbGsD4PFZYWxqik/XsP3vk3+W5H3og==",
			"dev": true,
			"bin": {
				"tsc": "bin/tsc",
				"tsserver": "bin/tsserver"
			},
			"engines": {
				"node": ">=4.2.0"
			}
		},
		"node_modules/wrappy": {
			"version": "1.0.2",
			"resolved": "https://registry.npmjs.org/wrappy/-/wrappy-1.0.2.tgz",
			"integrity": "sha1-tSQ9jz7BqjXxNkYFvA0QNuMKtp8=",
			"dev": true
		}
	},
	"dependencies": {
		"@types/jasmine": {
			"version": "3.5.0",
			"resolved": "https://registry.npmjs.org/@types/jasmine/-/jasmine-3.5.0.tgz",
			"integrity": "sha512-kGCRI9oiCxFS6soGKlyzhMzDydfcPix9PpTkr7h11huxOxhWwP37Tg7DYBaQ18eQTNreZEuLkhpbGSqVNZPnnw==",
			"dev": true
		},
		"balanced-match": {
			"version": "1.0.0",
			"resolved": "https://registry.npmjs.org/balanced-match/-/balanced-match-1.0.0.tgz",
			"integrity": "sha1-ibTRmasr7kneFk6gK4nORi1xt2c=",
			"dev": true
		},
		"brace-expansion": {
			"version": "1.1.11",
			"resolved": "https://registry.npmjs.org/brace-expansion/-/brace-expansion-1.1.11.tgz",
			"integrity": "sha512-iCuPHDFgrHX7H2vEI/5xpz07zSHB00TpugqhmYtVmMO6518mCuRMoOYFldEBl0g187ufozdaHgWKcYFb61qGiA==",
			"dev": true,
			"requires": {
				"balanced-match": "^1.0.0",
				"concat-map": "0.0.1"
			}
		},
		"concat-map": {
			"version": "0.0.1",
			"resolved": "https://registry.npmjs.org/concat-map/-/concat-map-0.0.1.tgz",
			"integrity": "sha1-2Klr13/Wjfd5OnMDajug1UBdR3s=",
			"dev": true
		},
		"exit": {
			"version": "0.1.2",
			"resolved": "https://registry.npmjs.org/exit/-/exit-0.1.2.tgz",
			"integrity": "sha1-BjJjj42HfMghB9MKD/8aF8uhzQw=",
			"dev": true
		},
		"fs.realpath": {
			"version": "1.0.0",
			"resolved": "https://registry.npmjs.org/fs.realpath/-/fs.realpath-1.0.0.tgz",
			"integrity": "sha1-FQStJSMVjKpA20onh8sBQRmU6k8=",
			"dev": true
		},
		"glob": {
			"version": "7.1.6",
			"resolved": "https://registry.npmjs.org/glob/-/glob-7.1.6.tgz",
			"integrity": "sha512-LwaxwyZ72Lk7vZINtNNrywX0ZuLyStrdDtabefZKAY5ZGJhVtgdznluResxNmPitE0SAO+O26sWTHeKSI2wMBA==",
			"dev": true,
			"requires": {
				"fs.realpath": "^1.0.0",
				"inflight": "^1.0.4",
				"inherits": "2",
				"minimatch": "^3.0.4",
				"once": "^1.3.0",
				"path-is-absolute": "^1.0.0"
			}
		},
		"idai-components-2": {
			"version": "1.52.0",
			"resolved": "https://registry.npmjs.org/idai-components-2/-/idai-components-2-1.52.0.tgz",
			"integrity": "sha512-tG39u3BFx93KxpYbUbho79v9rCzAOziL//eLVw9/on1oNbcvHFS47IJrt+/v4AC/0S/JS99vhU979wGEdQDSpw=="
		},
		"inflight": {
			"version": "1.0.6",
			"resolved": "https://registry.npmjs.org/inflight/-/inflight-1.0.6.tgz",
			"integrity": "sha1-Sb1jMdfQLQwJvJEKEHW6gWW1bfk=",
			"dev": true,
			"requires": {
				"once": "^1.3.0",
				"wrappy": "1"
			}
		},
		"inherits": {
			"version": "2.0.4",
			"resolved": "https://registry.npmjs.org/inherits/-/inherits-2.0.4.tgz",
			"integrity": "sha512-k/vGaX4/Yla3WzyMCvTQOXYeIHvqOKtnqBduzTHpzpQZzAskKMhZ2K+EnBiSM9zGSoIFeMpXKxa4dYeZIQqewQ==",
			"dev": true
		},
		"jasmine": {
			"version": "2.5.2",
			"resolved": "https://registry.npmjs.org/jasmine/-/jasmine-2.5.2.tgz",
			"integrity": "sha1-YoPO9whcCVzCXWUelU3wBPfj5CE=",
			"dev": true,
			"requires": {
				"exit": "^0.1.2",
				"glob": "^7.0.6",
				"jasmine-core": "~2.5.2"
			},
			"dependencies": {
				"jasmine-core": {
					"version": "2.5.2",
					"resolved": "https://registry.npmjs.org/jasmine-core/-/jasmine-core-2.5.2.tgz",
					"integrity": "sha1-b2G9eQYeJ/Q+b5NV5Es8bKtv8pc=",
					"dev": true
				}
			}
		},
		"jasmine-core": {
			"version": "3.5.0",
			"resolved": "https://registry.npmjs.org/jasmine-core/-/jasmine-core-3.5.0.tgz",
			"integrity": "sha512-nCeAiw37MIMA9w9IXso7bRaLl+c/ef3wnxsoSAlYrzS+Ot0zTG6nU8G/cIfGkqpkjX2wNaIW9RFG0TwIFnG6bA==",
			"dev": true
		},
		"minimatch": {
			"version": "3.0.4",
			"resolved": "https://registry.npmjs.org/minimatch/-/minimatch-3.0.4.tgz",
			"integrity": "sha512-yJHVQEhyqPLUTgt9B83PXu6W3rx4MvvHvSUvToogpwoGDOUQ+yDrR0HRot+yOCdCO7u4hX3pWft6kWBBcqh0UA==",
			"dev": true,
			"requires": {
				"brace-expansion": "^1.1.7"
			}
		},
		"once": {
			"version": "1.4.0",
			"resolved": "https://registry.npmjs.org/once/-/once-1.4.0.tgz",
			"integrity": "sha1-WDsap3WWHUsROsF9nFC6753Xa9E=",
			"dev": true,
			"requires": {
				"wrappy": "1"
			}
		},
		"path-is-absolute": {
			"version": "1.0.1",
			"resolved": "https://registry.npmjs.org/path-is-absolute/-/path-is-absolute-1.0.1.tgz",
			"integrity": "sha1-F0uSaHNVNP+8es5r9TpanhtcX18=",
			"dev": true
		},
		"ts-expect": {
			"version": "1.3.0",
			"resolved": "https://registry.npmjs.org/ts-expect/-/ts-expect-1.3.0.tgz",
			"integrity": "sha512-e4g0EJtAjk64xgnFPD6kTBUtpnMVzDrMb12N1YZV0VvSlhnVT3SGxiYTLdGy8Q5cYHOIC/FAHmZ10eGrAguicQ=="
		},
		"tsfun": {
			"version": "4.16.0",
			"resolved": "https://registry.npmjs.org/tsfun/-/tsfun-4.16.0.tgz",
			"integrity": "sha512-bx95U9aIJMONHUd4DBt9uH+TNqz/Pb9EBVmgI504kaTQBuzQGwnJwwT1j9qZrpAEyHlpCfsvTyjL0EC8azbS4w==",
			"requires": {
				"ts-expect": "^1.3.0"
			}
		},
		"typescript": {
			"version": "4.0.7",
			"resolved": "https://registry.npmjs.org/typescript/-/typescript-4.0.7.tgz",
			"integrity": "sha512-yi7M4y74SWvYbnazbn8/bmJmX4Zlej39ZOqwG/8dut/MYoSQ119GY9ZFbbGsD4PFZYWxqik/XsP3vk3+W5H3og==",
			"dev": true
		},
		"wrappy": {
			"version": "1.0.2",
			"resolved": "https://registry.npmjs.org/wrappy/-/wrappy-1.0.2.tgz",
			"integrity": "sha1-tSQ9jz7BqjXxNkYFvA0QNuMKtp8=",
			"dev": true
		}
	}
}
