%{
  "bandit": {:hex, :bandit, "1.12.4", "10bbab488edf8162318d736c19c5837077b8fca2bf5d95b07b33830387124f62", [:mix], [{:hpax, "~> 1.0", [hex: :hpax, repo: "hexpm", optional: false]}, {:plug, "~> 1.18", [hex: :plug, repo: "hexpm", optional: false]}, {:telemetry, "~> 0.4 or ~> 1.0", [hex: :telemetry, repo: "hexpm", optional: false]}, {:thousand_island, "~> 1.5", [hex: :thousand_island, repo: "hexpm", optional: false]}, {:websock, "~> 0.5", [hex: :websock, repo: "hexpm", optional: false]}], "hexpm", "84513318c5752a2a8017664450f889b47fae5d53d64698ddf1e4fb09a7449e8d"},
  "brotli": {:hex, :brotli, "0.3.3", "904098c11e08a81768a358514c89468a1ef98ce2303bb865431c28fbd534d1da", [:rebar3], [], "hexpm", "3aa6658786bfe97b2aee2710e1bdac6b5125dce0c6299b95842163d7541c7f2f"},
  "cachex": {:hex, :cachex, "4.1.1", "574c5cd28473db313a0a76aac8c945fe44191659538ca6a1e8946ec300b1a19f", [:mix], [{:eternal, "~> 1.2", [hex: :eternal, repo: "hexpm", optional: false]}, {:ex_hash_ring, "~> 6.0", [hex: :ex_hash_ring, repo: "hexpm", optional: false]}, {:jumper, "~> 1.0", [hex: :jumper, repo: "hexpm", optional: false]}, {:sleeplocks, "~> 1.1", [hex: :sleeplocks, repo: "hexpm", optional: false]}, {:unsafe, "~> 1.0", [hex: :unsafe, repo: "hexpm", optional: false]}], "hexpm", "d6b7449ff98d6bb92dda58bd4fc3189cae9f99e7042054d669596f56dc503cd8"},
  "cc_precompiler": {:hex, :cc_precompiler, "0.1.11", "8c844d0b9fb98a3edea067f94f616b3f6b29b959b6b3bf25fee94ffe34364768", [:mix], [{:elixir_make, "~> 0.7", [hex: :elixir_make, repo: "hexpm", optional: false]}], "hexpm", "3427232caf0835f94680e5bcf082408a70b48ad68a5f5c0b02a3bea9f3a075b9"},
  "cors_plug": {:hex, :cors_plug, "3.0.3", "7c3ac52b39624bc616db2e937c282f3f623f25f8d550068b6710e58d04a0e330", [:mix], [{:plug, "~> 1.13", [hex: :plug, repo: "hexpm", optional: false]}], "hexpm", "3f2d759e8c272ed3835fab2ef11b46bddab8c1ab9528167bd463b6452edf830d"},
  "decimal": {:hex, :decimal, "3.1.1", "430d87b04011ce6cbd4fd205be758311a81f87d552d40904abd00f015935b1d0", [:mix], [], "hexpm", "c5f25f2ced74a0587d03e6023f595db8e924c9d3922c8c8ffd9edfc4498cf1f6"},
  "ecto": {:hex, :ecto, "3.14.1", "7b740d87bdf45996aa0c2c2e081640906f10caa7ce5ba328fd294c7d49d0cc6f", [:mix], [{:decimal, "~> 3.0", [hex: :decimal, repo: "hexpm", optional: false]}, {:jason, "~> 1.0", [hex: :jason, repo: "hexpm", optional: true]}, {:telemetry, "~> 0.4 or ~> 1.0", [hex: :telemetry, repo: "hexpm", optional: false]}], "hexpm", "24b991956796700f467d0a3ef3d303138a3ef9ddddf8b98f43758ee067b20a30"},
  "elixir_make": {:hex, :elixir_make, "0.10.0", "16577e2583a79bb79237bbff349619ef5d80afffc07eac6e4faf0d00e2ddaf7d", [:mix], [], "hexpm", "dc1f09fb7fa68866b886abd5f0f3c83553b1a19a52359a899e92af1bb3b31982"},
  "esbuild": {:hex, :esbuild, "0.10.0", "b0aa3388a1c23e727c5a3e7427c932d89ee791746b0081bbe56103e9ef3d291f", [:mix], [{:jason, "~> 1.4", [hex: :jason, repo: "hexpm", optional: false]}], "hexpm", "468489cda427b974a7cc9f03ace55368a83e1a7be12fba7e30969af78e5f8c70"},
  "eternal": {:hex, :eternal, "1.2.2", "d1641c86368de99375b98d183042dd6c2b234262b8d08dfd72b9eeaafc2a1abd", [:mix], [], "hexpm", "2c9fe32b9c3726703ba5e1d43a1d255a4f3f2d8f8f9bc19f094c7cb1a7a9e782"},
  "ex_brotli": {:hex, :ex_brotli, "0.6.0", "dbeb2c13389d36dfa6e321c2841d846ea784d362d84d65abab7c65da59325360", [:mix], [{:phoenix, ">= 0.0.0", [hex: :phoenix, repo: "hexpm", optional: true]}, {:rustler, "~> 0.29", [hex: :rustler, repo: "hexpm", optional: true]}, {:rustler_precompiled, "~> 0.6", [hex: :rustler_precompiled, repo: "hexpm", optional: false]}], "hexpm", "a45d4099098ba72b33363a6348ece8d9bc46029bfa455dc90326acc8dc77033d"},
  "ex_hash_ring": {:hex, :ex_hash_ring, "6.0.4", "bef9d2d796afbbe25ab5b5a7ed746e06b99c76604f558113c273466d52fa6d6b", [:mix], [], "hexpm", "89adabf31f7d3dfaa36802ce598ce918e9b5b33bae8909ac1a4d052e1e567d18"},
  "expo": {:hex, :expo, "1.1.1", "4202e1d2ca6e2b3b63e02f69cfe0a404f77702b041d02b58597c00992b601db5", [:mix], [], "hexpm", "5fb308b9cb359ae200b7e23d37c76978673aa1b06e2b3075d814ce12c5811640"},
  "file_system": {:hex, :file_system, "1.1.1", "31864f4685b0148f25bd3fbef2b1228457c0c89024ad67f7a81a3ffbc0bbad3a", [:mix], [], "hexpm", "7a15ff97dfe526aeefb090a7a9d3d03aa907e100e262a0f8f7746b78f8f87a5d"},
  "finch": {:hex, :finch, "0.23.0", "e3f9287ac25a8832f848b144c2b57346aac65b205e2e0629a52adfe6507fd837", [:mix], [{:mime, "~> 1.0 or ~> 2.0", [hex: :mime, repo: "hexpm", optional: false]}, {:mint, "~> 1.8", [hex: :mint, repo: "hexpm", optional: false]}, {:nimble_options, "~> 0.4 or ~> 1.0", [hex: :nimble_options, repo: "hexpm", optional: false]}, {:nimble_pool, "~> 1.1", [hex: :nimble_pool, repo: "hexpm", optional: false]}, {:telemetry, "~> 0.4 or ~> 1.0", [hex: :telemetry, repo: "hexpm", optional: false]}], "hexpm", "80e58d3f936f57e3fdf404f83a3642897ae6d9fb642934e46da4d8fe761b99d5"},
  "fine": {:hex, :fine, "0.1.6", "4bf7151493443c454aac9f2fa2f34f5fefd0346a83fb5586a016c4a135c63247", [:mix], [], "hexpm", "5638eb4495488e885ebec167fa57973e5c35e1a50c344eb7666c90ec1c4e3b12"},
  "geo": {:hex, :geo, "4.1.0", "64ba89a64cc400b5b16dd2f5bd644cb141776eb8c2ac5a983332c8d944936c12", [:mix], [{:jason, "~> 1.4", [hex: :jason, repo: "hexpm", optional: true]}], "hexpm", "19edb2b3398ca9f701b573b1fb11bc90951ebd64f18b06bd1bf35abe509a2934"},
  "gettext": {:hex, :gettext, "1.0.2", "5457e1fd3f4abe47b0e13ff85086aabae760497a3497909b8473e0acee57673b", [:mix], [{:expo, "~> 0.5.1 or ~> 1.0", [hex: :expo, repo: "hexpm", optional: false]}], "hexpm", "eab805501886802071ad290714515c8c4a17196ea76e5afc9d06ca85fb1bfeb3"},
  "hpax": {:hex, :hpax, "1.0.4", "777de5d433b0fbdc7c418159c8055910faa8047ffdb3d6b31098d2a46cd7685c", [:mix], [], "hexpm", "afc7cb142ebcc2d01ce7816190b98ce5dd49e799111b24249f3443d730f377ca"},
  "idna": {:hex, :idna, "7.1.0", "1067a13043538129602d2f2ce6899d8713125c7d19734aa557ce2e3ea55bd4f1", [:rebar3], [], "hexpm", "6ae959a025bf36df61a8cab8508d9654891b5426a84c44d82deaffd6ddf8c71f"},
  "iiif_image_plug": {:hex, :iiif_image_plug, "1.0.1", "a9bd8f7d30a0f9788ee2631e22d34bfcb8df11d3c28eea2b5b6a94f3d8046555", [:mix], [{:jason, "~> 1.4", [hex: :jason, repo: "hexpm", optional: false]}, {:plug, "~> 1.19", [hex: :plug, repo: "hexpm", optional: false]}, {:vix, "~> 0.36", [hex: :vix, repo: "hexpm", optional: false]}], "hexpm", "00ed9e9e6d4619307c4cef452b64920ca6905b58902f27cd2d2d9ef8fb5827e1"},
  "iso639_elixir": {:hex, :iso639_elixir, "0.2.1", "d3ef7e353769122f5805e2395eb213cd7859b7d8f1e12b7266edf0dad035a32b", [:mix], [{:jason, "~> 1.0", [hex: :jason, repo: "hexpm", optional: true]}], "hexpm", "1020a3e3b3b71163f8ef96342e42c6bae42df50f4cdf8db47b6ff8b3236dd2e0"},
  "jason": {:hex, :jason, "1.4.5", "2e3a008590b0b8d7388c20293e9dcc9cf3e5d642fd2a114e4cbbb52e595d940a", [:mix], [{:decimal, "~> 1.0 or ~> 2.0 or ~> 3.0", [hex: :decimal, repo: "hexpm", optional: true]}], "hexpm", "b0c823996102bcd0239b3c2444eb00409b72f6a140c1950bc8b457d836b30684"},
  "jumper": {:hex, :jumper, "1.0.2", "68cdcd84472a00ac596b4e6459a41b3062d4427cbd4f1e8c8793c5b54f1406a7", [:mix], [], "hexpm", "9b7782409021e01ab3c08270e26f36eb62976a38c1aa64b2eaf6348422f165e1"},
  "lazy_html": {:hex, :lazy_html, "0.1.12", "31a55ee622918fce988c94b06232227b42daa64e4eab14ac32081d0f3fd8db6f", [:make, :mix], [{:cc_precompiler, "~> 0.1", [hex: :cc_precompiler, repo: "hexpm", optional: false]}, {:elixir_make, "~> 0.9", [hex: :elixir_make, repo: "hexpm", optional: false]}, {:fine, "~> 0.1.0", [hex: :fine, repo: "hexpm", optional: false]}], "hexpm", "8a0da594776caee58782c6f93b2abaa5bdb809daf8d43351a561f7de9dc2e2a8"},
  "mdex": {:hex, :mdex, "0.13.5", "c1c94d230ccaab01ad0c68090d3b31613c10ece1844f32b55895da4ce0c63029", [:mix], [{:jason, "~> 1.0", [hex: :jason, repo: "hexpm", optional: false]}, {:lumis, "~> 0.1", [hex: :lumis, repo: "hexpm", optional: true]}, {:mdex_native, ">= 0.2.6", [hex: :mdex_native, repo: "hexpm", optional: false]}, {:nimble_options, "~> 1.0", [hex: :nimble_options, repo: "hexpm", optional: false]}, {:nimble_parsec, "~> 1.0", [hex: :nimble_parsec, repo: "hexpm", optional: false]}, {:phoenix_live_view, "~> 0.20.0 or ~> 1.0", [hex: :phoenix_live_view, repo: "hexpm", optional: true]}], "hexpm", "c57409fb6b34fbc58fbce0a6da670c9a4b5a2e94f86abdc56e9e213ed74620f2"},
  "mdex_native": {:hex, :mdex_native, "0.2.7", "46203ee9c4fe2c94feef26e4d976235ad022b4770d3d307fa6b445d293b2571f", [:mix], [{:rustler, "~> 0.32", [hex: :rustler, repo: "hexpm", optional: true]}, {:rustler_precompiled, "~> 0.8", [hex: :rustler_precompiled, repo: "hexpm", optional: false]}], "hexpm", "05efa68775644ef6be6109f76c1f5f8778ff7e7ed9fe4a03541758158172bc77"},
  "mime": {:hex, :mime, "2.0.7", "b8d739037be7cd402aee1ba0306edfdef982687ee7e9859bee6198c1e7e2f128", [:mix], [], "hexpm", "6171188e399ee16023ffc5b76ce445eb6d9672e2e241d2df6050f3c771e80ccd"},
  "mint": {:hex, :mint, "1.9.3", "3337184d69179695c7a9f1714d92c11e629d36c8c037a21cf490131d3d150554", [:mix], [{:castore, "~> 0.1.0 or ~> 1.0", [hex: :castore, repo: "hexpm", optional: true]}, {:hpax, "~> 0.1.1 or ~> 0.2.0 or ~> 1.0", [hex: :hpax, repo: "hexpm", optional: false]}], "hexpm", "5f7c9342480c069dbbc4eeac3490303c9e01870ff01a7f1d29b6107054fc1e74"},
  "mix_audit": {:hex, :mix_audit, "2.1.5", "c0f77cee6b4ef9d97e37772359a187a166c7a1e0e08b50edf5bf6959dfe5a016", [:make, :mix], [{:jason, "~> 1.4", [hex: :jason, repo: "hexpm", optional: false]}, {:yaml_elixir, "~> 2.11", [hex: :yaml_elixir, repo: "hexpm", optional: false]}], "hexpm", "87f9298e21da32f697af535475860dc1d3617a010e0b418d2ec6142bc8b42d69"},
  "nimble_options": {:hex, :nimble_options, "1.1.1", "e3a492d54d85fc3fd7c5baf411d9d2852922f66e69476317787a7b2bb000a61b", [:mix], [], "hexpm", "821b2470ca9442c4b6984882fe9bb0389371b8ddec4d45a9504f00a66f650b44"},
  "nimble_parsec": {:hex, :nimble_parsec, "1.4.2", "8efba0122db06df95bfaa78f791344a89352ba04baedd3849593bfce4d0dc1c6", [:mix], [], "hexpm", "4b21398942dda052b403bbe1da991ccd03a053668d147d53fb8c4e0efe09c973"},
  "nimble_pool": {:hex, :nimble_pool, "1.1.0", "bf9c29fbdcba3564a8b800d1eeb5a3c58f36e1e11d7b7fb2e084a643f645f06b", [:mix], [], "hexpm", "af2e4e6b34197db81f7aad230c1118eac993acc0dae6bc83bac0126d4ae0813a"},
  "phoenix": {:hex, :phoenix, "1.8.10", "7aff673351e2d5b012a93be024349a5cd6476a7950ca55c6d1551b3da59f35ed", [:mix], [{:bandit, "~> 1.0", [hex: :bandit, repo: "hexpm", optional: true]}, {:jason, "~> 1.0", [hex: :jason, repo: "hexpm", optional: true]}, {:phoenix_pubsub, "~> 2.1", [hex: :phoenix_pubsub, repo: "hexpm", optional: false]}, {:phoenix_template, "~> 1.0", [hex: :phoenix_template, repo: "hexpm", optional: false]}, {:phoenix_view, "~> 2.0", [hex: :phoenix_view, repo: "hexpm", optional: true]}, {:plug, "~> 1.14", [hex: :plug, repo: "hexpm", optional: false]}, {:plug_cowboy, "~> 2.7", [hex: :plug_cowboy, repo: "hexpm", optional: true]}, {:plug_crypto, "~> 2.2", [hex: :plug_crypto, repo: "hexpm", optional: false]}, {:telemetry, "~> 0.4 or ~> 1.0", [hex: :telemetry, repo: "hexpm", optional: false]}, {:websock_adapter, "~> 0.5", [hex: :websock_adapter, repo: "hexpm", optional: false]}], "hexpm", "acfb0aaf563c5564ce1988616c02d49c21ad0df93bb29c045642775adb23ba6b"},
  "phoenix_ecto": {:hex, :phoenix_ecto, "4.7.0", "75c4b9dfb3efdc42aec2bd5f8bccd978aca0651dbcbc7a3f362ea5d9d43153c6", [:mix], [{:ecto, "~> 3.5", [hex: :ecto, repo: "hexpm", optional: false]}, {:phoenix_html, "~> 2.14.2 or ~> 3.0 or ~> 4.1", [hex: :phoenix_html, repo: "hexpm", optional: true]}, {:plug, "~> 1.9", [hex: :plug, repo: "hexpm", optional: false]}, {:postgrex, "~> 0.16 or ~> 1.0", [hex: :postgrex, repo: "hexpm", optional: true]}], "hexpm", "1d75011e4254cb4ddf823e81823a9629559a1be93b4321a6a5f11a5306fbf4cc"},
  "phoenix_html": {:hex, :phoenix_html, "4.3.0", "d3577a5df4b6954cd7890c84d955c470b5310bb49647f0a114a6eeecc850f7ad", [:mix], [], "hexpm", "3eaa290a78bab0f075f791a46a981bbe769d94bc776869f4f3063a14f30497ad"},
  "phoenix_live_dashboard": {:hex, :phoenix_live_dashboard, "0.8.7", "405880012cb4b706f26dd1c6349125bfc903fb9e44d1ea668adaf4e04d4884b7", [:mix], [{:ecto, "~> 3.6.2 or ~> 3.7", [hex: :ecto, repo: "hexpm", optional: true]}, {:ecto_mysql_extras, "~> 0.5", [hex: :ecto_mysql_extras, repo: "hexpm", optional: true]}, {:ecto_psql_extras, "~> 0.7", [hex: :ecto_psql_extras, repo: "hexpm", optional: true]}, {:ecto_sqlite3_extras, "~> 1.1.7 or ~> 1.2.0", [hex: :ecto_sqlite3_extras, repo: "hexpm", optional: true]}, {:mime, "~> 1.6 or ~> 2.0", [hex: :mime, repo: "hexpm", optional: false]}, {:phoenix_live_view, "~> 0.19 or ~> 1.0", [hex: :phoenix_live_view, repo: "hexpm", optional: false]}, {:telemetry_metrics, "~> 0.6 or ~> 1.0", [hex: :telemetry_metrics, repo: "hexpm", optional: false]}], "hexpm", "3a8625cab39ec261d48a13b7468dc619c0ede099601b084e343968309bd4d7d7"},
  "phoenix_live_reload": {:hex, :phoenix_live_reload, "1.7.0", "fb1e429f6d8778ce3a6962debdc5e555428a05a6e7b058d6dbad13d281a2c31f", [:mix], [{:file_system, "~> 0.2.10 or ~> 1.0", [hex: :file_system, repo: "hexpm", optional: false]}, {:phoenix, "~> 1.4", [hex: :phoenix, repo: "hexpm", optional: false]}], "hexpm", "dc9f44271aa6fc4ab7797f2aa374ba096ef2c87520586280eb095626b7387a68"},
  "phoenix_live_view": {:hex, :phoenix_live_view, "1.2.9", "d35ddac2fab4480e6bdbf712ff104fd9e969a2bbe81b578ee80f066b371f56db", [:mix], [{:igniter, ">= 0.6.16 and < 1.0.0-0", [hex: :igniter, repo: "hexpm", optional: true]}, {:jason, "~> 1.0", [hex: :jason, repo: "hexpm", optional: true]}, {:lazy_html, "~> 0.1.0", [hex: :lazy_html, repo: "hexpm", optional: true]}, {:phoenix, "~> 1.6.15 or ~> 1.7.0 or ~> 1.8.0", [hex: :phoenix, repo: "hexpm", optional: false]}, {:phoenix_html, "~> 3.3 or ~> 4.0", [hex: :phoenix_html, repo: "hexpm", optional: false]}, {:phoenix_template, "~> 1.0", [hex: :phoenix_template, repo: "hexpm", optional: false]}, {:phoenix_view, "~> 2.0", [hex: :phoenix_view, repo: "hexpm", optional: true]}, {:plug, "~> 1.15", [hex: :plug, repo: "hexpm", optional: false]}, {:telemetry, "~> 0.4.2 or ~> 1.0", [hex: :telemetry, repo: "hexpm", optional: false]}], "hexpm", "2f9528c3d7046edabbb30a91710ca33988f8d8bc20a964a1fc48b32134572afa"},
  "phoenix_pubsub": {:hex, :phoenix_pubsub, "2.2.0", "ff3a5616e1bed6804de7773b92cbccfc0b0f473faf1f63d7daf1206c7aeaaa6f", [:mix], [], "hexpm", "adc313a5bf7136039f63cfd9668fde73bba0765e0614cba80c06ac9460ff3e96"},
  "phoenix_template": {:hex, :phoenix_template, "1.0.4", "e2092c132f3b5e5b2d49c96695342eb36d0ed514c5b252a77048d5969330d639", [:mix], [{:phoenix_html, "~> 2.14.2 or ~> 3.0 or ~> 4.0", [hex: :phoenix_html, repo: "hexpm", optional: true]}], "hexpm", "2c0c81f0e5c6753faf5cca2f229c9709919aba34fab866d3bc05060c9c444206"},
  "plug": {:hex, :plug, "1.20.3", "56c480c633ec2ce10140e236e15233bf576e1d323887d7c96711bd02ab5160db", [:mix], [{:mime, "~> 1.0 or ~> 2.0", [hex: :mime, repo: "hexpm", optional: false]}, {:plug_crypto, "~> 1.1.1 or ~> 1.2 or ~> 2.0", [hex: :plug_crypto, repo: "hexpm", optional: false]}, {:telemetry, "~> 0.4.3 or ~> 1.0", [hex: :telemetry, repo: "hexpm", optional: false]}], "hexpm", "be266aee1b8536ef6409d58cf39a3121319f0ec47cfa1b24024485aa0e76ad76"},
  "plug_crypto": {:hex, :plug_crypto, "2.2.0", "144014737daaf485407f5ed77daeaad74d651b216a28c87543f8cc7043f8efc8", [:mix], [], "hexpm", "83a95744ab1c75876542b6fab135fcc176280e0f301a111c1f757fddcec95d2c"},
  "rustler_precompiled": {:hex, :rustler_precompiled, "0.9.0", "3a052eda09f3d2436364645cc1f13279cf95db310eb0c17b0d8f25484b233aa0", [:mix], [{:rustler, "~> 0.23", [hex: :rustler, repo: "hexpm", optional: true]}], "hexpm", "471d97315bd3bf7b64623418b3693eedd8e47de3d1cb79a0ac8f9da7d770d94c"},
  "sleeplocks": {:hex, :sleeplocks, "1.1.4", "be657d2326fad313a9cbc45374dcd861416f2f2097bc71c4de1538b65c7ccc8e", [:rebar3], [], "hexpm", "bc12752ab0693ea4e4a3bcf4e063cef408d71197a3c0fad75497fabd475f5481"},
  "swoosh": {:hex, :swoosh, "1.27.0", "2df57c342f3854f2d429e6afebf19a03a179976a64006a93750ed81639453f75", [:mix], [{:bandit, ">= 1.0.0", [hex: :bandit, repo: "hexpm", optional: true]}, {:cowboy, "~> 1.1 or ~> 2.4", [hex: :cowboy, repo: "hexpm", optional: true]}, {:ex_aws, "~> 2.1", [hex: :ex_aws, repo: "hexpm", optional: true]}, {:finch, "~> 0.6", [hex: :finch, repo: "hexpm", optional: true]}, {:gen_smtp, "~> 0.13 or ~> 1.0", [hex: :gen_smtp, repo: "hexpm", optional: true]}, {:hackney, ">= 1.9.0 and < 5.0.0", [hex: :hackney, repo: "hexpm", optional: true]}, {:idna, ">= 6.0.0 and < 8.0.0", [hex: :idna, repo: "hexpm", optional: false]}, {:jason, "~> 1.0", [hex: :jason, repo: "hexpm", optional: false]}, {:mail, "~> 0.2", [hex: :mail, repo: "hexpm", optional: true]}, {:mime, "~> 1.1 or ~> 2.0", [hex: :mime, repo: "hexpm", optional: false]}, {:mua, "~> 0.2.3", [hex: :mua, repo: "hexpm", optional: true]}, {:multipart, "~> 0.4", [hex: :multipart, repo: "hexpm", optional: true]}, {:plug, "~> 1.9", [hex: :plug, repo: "hexpm", optional: true]}, {:plug_cowboy, ">= 1.0.0", [hex: :plug_cowboy, repo: "hexpm", optional: true]}, {:req, "~> 0.5.10 or ~> 0.6 or ~> 1.0", [hex: :req, repo: "hexpm", optional: true]}, {:telemetry, "~> 0.4.2 or ~> 1.0", [hex: :telemetry, repo: "hexpm", optional: false]}], "hexpm", "5da7d3b11de5d61327275ed599cb311942ea6e23cdbb411981f46ee150cddf76"},
  "tailwind": {:hex, :tailwind, "0.5.1", "35435b13158c90d37da11e1cfc808755fca1d7b6c5ab87b1b19c5de87e2f0a10", [:mix], [], "hexpm", "c4e26302a59fec72abc5610ecb6ad2116d9aa31f31aab2d4b8eb6e95d25a689c"},
  "telemetry": {:hex, :telemetry, "1.4.2", "a0cb522801dffb1c49fe6e30561badffc7b6d0e180db1300df759faa22062855", [:rebar3], [], "hexpm", "928f6495066506077862c0d1646609eed891a4326bee3126ba54b60af61febb1"},
  "telemetry_metrics": {:hex, :telemetry_metrics, "1.1.0", "5bd5f3b5637e0abea0426b947e3ce5dd304f8b3bc6617039e2b5a008adc02f8f", [:mix], [{:telemetry, "~> 0.4 or ~> 1.0", [hex: :telemetry, repo: "hexpm", optional: false]}], "hexpm", "e7b79e8ddfde70adb6db8a6623d1778ec66401f366e9a8f5dd0955c56bc8ce67"},
  "telemetry_poller": {:hex, :telemetry_poller, "1.3.0", "d5c46420126b5ac2d72bc6580fb4f537d35e851cc0f8dbd571acf6d6e10f5ec7", [:rebar3], [{:telemetry, "~> 1.0", [hex: :telemetry, repo: "hexpm", optional: false]}], "hexpm", "51f18bed7128544a50f75897db9974436ea9bfba560420b646af27a9a9b35211"},
  "thousand_island": {:hex, :thousand_island, "1.5.0", "f50a213cac97262b6d5ebb85745aa2c00fec1413191e6e66834788d45425cecb", [:mix], [{:telemetry, "~> 0.4 or ~> 1.0", [hex: :telemetry, repo: "hexpm", optional: false]}], "hexpm", "708923d40523e43cf99041ab37a0d4b0ec426ac6438fa3716ab23d919eaeb412"},
  "unsafe": {:hex, :unsafe, "1.0.2", "23c6be12f6c1605364801f4b47007c0c159497d0446ad378b5cf05f1855c0581", [:mix], [], "hexpm", "b485231683c3ab01a9cd44cb4a79f152c6f3bb87358439c6f68791b85c2df675"},
  "vix": {:hex, :vix, "0.40.0", "d7e02b7f5f3f277b71b11e067a050b7970f1c574fdc5421f32082322c12df9fc", [:make, :mix], [{:cc_precompiler, "~> 0.1.4 or ~> 0.2", [hex: :cc_precompiler, repo: "hexpm", optional: false]}, {:elixir_make, "~> 0.7.3 or ~> 0.8", [hex: :elixir_make, repo: "hexpm", optional: false]}, {:kino, "~> 0.7", [hex: :kino, repo: "hexpm", optional: true]}], "hexpm", "342d69d41928e59588604f9035b383bf61e3b768bb3b1ed73a05eca134058d15"},
  "websock": {:hex, :websock, "0.5.3", "2f69a6ebe810328555b6fe5c831a851f485e303a7c8ce6c5f675abeb20ebdadc", [:mix], [], "hexpm", "6105453d7fac22c712ad66fab1d45abdf049868f253cf719b625151460b8b453"},
  "websock_adapter": {:hex, :websock_adapter, "0.6.0", "73db5ab8aaefd1a876a97ce3e6afc96562625de69ef17a4e04426e034849d0b8", [:mix], [{:bandit, ">= 0.6.0", [hex: :bandit, repo: "hexpm", optional: true]}, {:plug, "~> 1.14", [hex: :plug, repo: "hexpm", optional: false]}, {:plug_cowboy, "~> 2.6", [hex: :plug_cowboy, repo: "hexpm", optional: true]}, {:websock, "~> 0.5", [hex: :websock, repo: "hexpm", optional: false]}], "hexpm", "50021a85bce8f203b086705d9e0c5415e2c7eb05d319111b0428fe71f9934617"},
  "yamerl": {:hex, :yamerl, "0.10.0", "4ff81fee2f1f6a46f1700c0d880b24d193ddb74bd14ef42cb0bcf46e81ef2f8e", [:rebar3], [], "hexpm", "346adb2963f1051dc837a2364e4acf6eb7d80097c0f53cbdc3046ec8ec4b4e6e"},
  "yaml_elixir": {:hex, :yaml_elixir, "2.12.2", "9dd1330fb4cd9a36a7b0f502e5b12486eff632792ee4a5f0eba52a4d4ec32c9c", [:mix], [{:yamerl, "~> 0.10", [hex: :yamerl, repo: "hexpm", optional: false]}], "hexpm", "e7c1b10122f973e6558462d51c39026ba0e14afbc6745318e990ea82cfe9e159"},
}
