%{
  "astro": {:hex, :astro, "2.3.3", "9d564fac9dea683ec08e5a80412f9f728d4f10d8f5e724836fd362e1914a8574", [:mix], [{:geo, "~> 3.0", [hex: :geo, repo: "hexpm", optional: false]}, {:tz, "~> 0.26", [hex: :tz, repo: "hexpm", optional: true]}, {:tz_world, "~> 1.0", [hex: :tz_world, repo: "hexpm", optional: true]}, {:tzdata, "~> 1.1", [hex: :tzdata, repo: "hexpm", optional: true]}], "hexpm", "c5694ac0f25882299710dab982bc24d5a54851217eaf0f37780756a70f3e2e40"},
  "bandit": {:hex, :bandit, "1.11.1", "1eb33123cc3c17ae0c3447874eb83399ee530f960c39711ed240342fbd4865fa", [:mix], [{:hpax, "~> 1.0", [hex: :hpax, repo: "hexpm", optional: false]}, {:plug, "~> 1.18", [hex: :plug, repo: "hexpm", optional: false]}, {:telemetry, "~> 0.4 or ~> 1.0", [hex: :telemetry, repo: "hexpm", optional: false]}, {:thousand_island, "~> 1.0", [hex: :thousand_island, repo: "hexpm", optional: false]}, {:websock, "~> 0.5", [hex: :websock, repo: "hexpm", optional: false]}], "hexpm", "d4401016df9abbc6dcd325c0b78b2b193e7c7c96bb68f31e576112be025d84a5"},
  "cachex": {:hex, :cachex, "4.1.1", "574c5cd28473db313a0a76aac8c945fe44191659538ca6a1e8946ec300b1a19f", [:mix], [{:eternal, "~> 1.2", [hex: :eternal, repo: "hexpm", optional: false]}, {:ex_hash_ring, "~> 6.0", [hex: :ex_hash_ring, repo: "hexpm", optional: false]}, {:jumper, "~> 1.0", [hex: :jumper, repo: "hexpm", optional: false]}, {:sleeplocks, "~> 1.1", [hex: :sleeplocks, repo: "hexpm", optional: false]}, {:unsafe, "~> 1.0", [hex: :unsafe, repo: "hexpm", optional: false]}], "hexpm", "d6b7449ff98d6bb92dda58bd4fc3189cae9f99e7042054d669596f56dc503cd8"},
  "calendrical": {:hex, :calendrical, "0.12.0", "ea95039b2d7858a36dce9b2f399b5375cc9fdb4ac74327540ccba179b7858989", [:mix], [{:astro, ">= 2.3.3 and < 3.0.0-0", [hex: :astro, repo: "hexpm", optional: false]}, {:calendar_interval, "~> 0.2", [hex: :calendar_interval, repo: "hexpm", optional: true]}, {:ex_doc, "~> 0.38", [hex: :ex_doc, repo: "hexpm", optional: true]}, {:gettext, "~> 1.0", [hex: :gettext, repo: "hexpm", optional: false]}, {:localize, "~> 0.45", [hex: :localize, repo: "hexpm", optional: false]}, {:tz_world, "~> 1.0", [hex: :tz_world, repo: "hexpm", optional: true]}, {:tzdata, "~> 1.1", [hex: :tzdata, repo: "hexpm", optional: true]}], "hexpm", "58cb6e1b676efad283b5912b36461214c6e84082dd38497ec5541b81f053e756"},
  "cc_precompiler": {:hex, :cc_precompiler, "0.1.11", "8c844d0b9fb98a3edea067f94f616b3f6b29b959b6b3bf25fee94ffe34364768", [:mix], [{:elixir_make, "~> 0.7", [hex: :elixir_make, repo: "hexpm", optional: false]}], "hexpm", "3427232caf0835f94680e5bcf082408a70b48ad68a5f5c0b02a3bea9f3a075b9"},
  "certifi": {:hex, :certifi, "2.15.0", "0e6e882fcdaaa0a5a9f2b3db55b1394dba07e8d6d9bcad08318fb604c6839712", [:rebar3], [], "hexpm", "b147ed22ce71d72eafdad94f055165c1c182f61a2ff49df28bcc71d1d5b94a60"},
  "cors_plug": {:hex, :cors_plug, "3.0.3", "7c3ac52b39624bc616db2e937c282f3f623f25f8d550068b6710e58d04a0e330", [:mix], [{:plug, "~> 1.13", [hex: :plug, repo: "hexpm", optional: false]}], "hexpm", "3f2d759e8c272ed3835fab2ef11b46bddab8c1ab9528167bd463b6452edf830d"},
  "decimal": {:hex, :decimal, "3.1.1", "430d87b04011ce6cbd4fd205be758311a81f87d552d40904abd00f015935b1d0", [:mix], [], "hexpm", "c5f25f2ced74a0587d03e6023f595db8e924c9d3922c8c8ffd9edfc4498cf1f6"},
  "earmark": {:hex, :earmark, "1.4.49", "024521298c2308f0193ba7a5df742a5e901dad03cd44ba57f861d3f0fada5d1b", [:mix], [], "hexpm", "ffad0257b92ac342b236d1744f7f19793da77bbd7281f32ccdfb44c047a05bf2"},
  "ecto": {:hex, :ecto, "3.14.0", "2fa64521eebfcb2670d907a86e4ad947290e9933706bb315e6fb5c21b172cb26", [:mix], [{:decimal, "~> 3.0", [hex: :decimal, repo: "hexpm", optional: false]}, {:jason, "~> 1.0", [hex: :jason, repo: "hexpm", optional: true]}, {:telemetry, "~> 0.4 or ~> 1.0", [hex: :telemetry, repo: "hexpm", optional: false]}], "hexpm", "130d69ffb4285f9ce4792b65dfbb994fd13ea4cbc3cbea2524b199aa3de84af3"},
  "elixir_make": {:hex, :elixir_make, "0.9.0", "6484b3cd8c0cee58f09f05ecaf1a140a8c97670671a6a0e7ab4dc326c3109726", [:mix], [], "hexpm", "db23d4fd8b757462ad02f8aa73431a426fe6671c80b200d9710caf3d1dd0ffdb"},
  "esbuild": {:hex, :esbuild, "0.10.0", "b0aa3388a1c23e727c5a3e7427c932d89ee791746b0081bbe56103e9ef3d291f", [:mix], [{:jason, "~> 1.4", [hex: :jason, repo: "hexpm", optional: false]}], "hexpm", "468489cda427b974a7cc9f03ace55368a83e1a7be12fba7e30969af78e5f8c70"},
  "eternal": {:hex, :eternal, "1.2.2", "d1641c86368de99375b98d183042dd6c2b234262b8d08dfd72b9eeaafc2a1abd", [:mix], [], "hexpm", "2c9fe32b9c3726703ba5e1d43a1d255a4f3f2d8f8f9bc19f094c7cb1a7a9e782"},
  "ex_hash_ring": {:hex, :ex_hash_ring, "6.0.4", "bef9d2d796afbbe25ab5b5a7ed746e06b99c76604f558113c273466d52fa6d6b", [:mix], [], "hexpm", "89adabf31f7d3dfaa36802ce598ce918e9b5b33bae8909ac1a4d052e1e567d18"},
  "ex_tempo": {:hex, :ex_tempo, "0.17.1", "84b9fc5bd19d0578c608730e7ab8ba3c25971852ce0021a95168c083b143b5d9", [:mix], [{:astro, "~> 2.3", [hex: :astro, repo: "hexpm", optional: false]}, {:calendrical, "~> 0.10", [hex: :calendrical, repo: "hexpm", optional: false]}, {:ical, "~> 2.0", [hex: :ical, repo: "hexpm", optional: true]}, {:localize, "~> 0.44", [hex: :localize, repo: "hexpm", optional: false]}, {:nimble_parsec, "~> 1.0", [hex: :nimble_parsec, repo: "hexpm", optional: false]}, {:tzdata, "~> 1.1", [hex: :tzdata, repo: "hexpm", optional: false]}], "hexpm", "e572163584666e8f23ac33dd72d744739627bd85124919dbb6453566084cc5f6"},
  "expo": {:hex, :expo, "1.1.1", "4202e1d2ca6e2b3b63e02f69cfe0a404f77702b041d02b58597c00992b601db5", [:mix], [], "hexpm", "5fb308b9cb359ae200b7e23d37c76978673aa1b06e2b3075d814ce12c5811640"},
  "file_system": {:hex, :file_system, "1.1.1", "31864f4685b0148f25bd3fbef2b1228457c0c89024ad67f7a81a3ffbc0bbad3a", [:mix], [], "hexpm", "7a15ff97dfe526aeefb090a7a9d3d03aa907e100e262a0f8f7746b78f8f87a5d"},
  "finch": {:hex, :finch, "0.22.0", "5c48fa6f9706a78eb9036cacb67b8b996b4e66d111c543f4c29bb0f879a6806b", [:mix], [{:mime, "~> 1.0 or ~> 2.0", [hex: :mime, repo: "hexpm", optional: false]}, {:mint, "~> 1.8", [hex: :mint, repo: "hexpm", optional: false]}, {:nimble_options, "~> 0.4 or ~> 1.0", [hex: :nimble_options, repo: "hexpm", optional: false]}, {:nimble_pool, "~> 1.1", [hex: :nimble_pool, repo: "hexpm", optional: false]}, {:telemetry, "~> 0.4 or ~> 1.0", [hex: :telemetry, repo: "hexpm", optional: false]}], "hexpm", "b94e83c47780fc6813f746a1f1a34ee65cda42da4c5ea26a68f0acc4498e23dc"},
  "fine": {:hex, :fine, "0.1.6", "4bf7151493443c454aac9f2fa2f34f5fefd0346a83fb5586a016c4a135c63247", [:mix], [], "hexpm", "5638eb4495488e885ebec167fa57973e5c35e1a50c344eb7666c90ec1c4e3b12"},
  "geo": {:hex, :geo, "3.6.0", "00c9c6338579f67e91cd5950af4ae2eb25cdce0c3398718c232539f61625d0bd", [:mix], [{:jason, "~> 1.4", [hex: :jason, repo: "hexpm", optional: true]}], "hexpm", "1dbdebf617183b54bc3c8ad7a36531a9a76ada8ca93f75f573b0ae94006168da"},
  "gettext": {:hex, :gettext, "1.0.2", "5457e1fd3f4abe47b0e13ff85086aabae760497a3497909b8473e0acee57673b", [:mix], [{:expo, "~> 0.5.1 or ~> 1.0", [hex: :expo, repo: "hexpm", optional: false]}], "hexpm", "eab805501886802071ad290714515c8c4a17196ea76e5afc9d06ca85fb1bfeb3"},
  "hackney": {:hex, :hackney, "1.25.0", "390e9b83f31e5b325b9f43b76e1a785cbdb69b5b6cd4e079aa67835ded046867", [:rebar3], [{:certifi, "~> 2.15.0", [hex: :certifi, repo: "hexpm", optional: false]}, {:idna, "~> 6.1.0", [hex: :idna, repo: "hexpm", optional: false]}, {:metrics, "~> 1.0.0", [hex: :metrics, repo: "hexpm", optional: false]}, {:mimerl, "~> 1.4", [hex: :mimerl, repo: "hexpm", optional: false]}, {:parse_trans, "3.4.1", [hex: :parse_trans, repo: "hexpm", optional: false]}, {:ssl_verify_fun, "~> 1.1.0", [hex: :ssl_verify_fun, repo: "hexpm", optional: false]}, {:unicode_util_compat, "~> 0.7.1", [hex: :unicode_util_compat, repo: "hexpm", optional: false]}], "hexpm", "7209bfd75fd1f42467211ff8f59ea74d6f2a9e81cbcee95a56711ee79fd6b1d4"},
  "hpax": {:hex, :hpax, "1.0.3", "ed67ef51ad4df91e75cc6a1494f851850c0bd98ebc0be6e81b026e765ee535aa", [:mix], [], "hexpm", "8eab6e1cfa8d5918c2ce4ba43588e894af35dbd8e91e6e55c817bca5847df34a"},
  "idna": {:hex, :idna, "6.1.1", "8a63070e9f7d0c62eb9d9fcb360a7de382448200fbbd1b106cc96d3d8099df8d", [:rebar3], [{:unicode_util_compat, "~> 0.7.0", [hex: :unicode_util_compat, repo: "hexpm", optional: false]}], "hexpm", "92376eb7894412ed19ac475e4a86f7b413c1b9fbb5bd16dccd57934157944cea"},
  "iiif_image_plug": {:hex, :iiif_image_plug, "1.0.0", "f509810bd5ce8505ae53781c0031349dbf4dc0ea394e2af7c213f99f6ea59f56", [:mix], [{:jason, "~> 1.4", [hex: :jason, repo: "hexpm", optional: false]}, {:plug, "~> 1.19", [hex: :plug, repo: "hexpm", optional: false]}, {:vix, "~> 0.36.0", [hex: :vix, repo: "hexpm", optional: false]}], "hexpm", "7bd9eb4801451e7d4811db8890438cf043555fe91e5ccd5cd4a64062c9bbe899"},
  "iso639_elixir": {:hex, :iso639_elixir, "0.2.1", "d3ef7e353769122f5805e2395eb213cd7859b7d8f1e12b7266edf0dad035a32b", [:mix], [{:jason, "~> 1.0", [hex: :jason, repo: "hexpm", optional: true]}], "hexpm", "1020a3e3b3b71163f8ef96342e42c6bae42df50f4cdf8db47b6ff8b3236dd2e0"},
  "jason": {:hex, :jason, "1.4.5", "2e3a008590b0b8d7388c20293e9dcc9cf3e5d642fd2a114e4cbbb52e595d940a", [:mix], [{:decimal, "~> 1.0 or ~> 2.0 or ~> 3.0", [hex: :decimal, repo: "hexpm", optional: true]}], "hexpm", "b0c823996102bcd0239b3c2444eb00409b72f6a140c1950bc8b457d836b30684"},
  "jumper": {:hex, :jumper, "1.0.2", "68cdcd84472a00ac596b4e6459a41b3062d4427cbd4f1e8c8793c5b54f1406a7", [:mix], [], "hexpm", "9b7782409021e01ab3c08270e26f36eb62976a38c1aa64b2eaf6348422f165e1"},
  "lazy_html": {:hex, :lazy_html, "0.1.11", "136c8e9cd616b4f4e9c1562daa683880891120b759606dc4c3b6b18058ba5d79", [:make, :mix], [{:cc_precompiler, "~> 0.1", [hex: :cc_precompiler, repo: "hexpm", optional: false]}, {:elixir_make, "~> 0.9.0", [hex: :elixir_make, repo: "hexpm", optional: false]}, {:fine, "~> 0.1.0", [hex: :fine, repo: "hexpm", optional: false]}], "hexpm", "3b1be592929c31eca1a21673d25696e5c14cddfe922d9d1a3e3b48be4163883b"},
  "localize": {:hex, :localize, "0.46.0", "733f779dd369a8d8088ca203879f4526d8c3973034d48a3b922215c8d4bfbdd6", [:mix], [{:decimal, "~> 2.0 or ~> 3.0", [hex: :decimal, repo: "hexpm", optional: false]}, {:elixir_make, "~> 0.4", [hex: :elixir_make, repo: "hexpm", optional: true]}, {:gettext, "~> 1.0", [hex: :gettext, repo: "hexpm", optional: false]}, {:nimble_parsec, "~> 1.0", [hex: :nimble_parsec, repo: "hexpm", optional: false]}], "hexpm", "0f1d4f14f77f9516c91d15a1708c14c4e212a6f6434825a0de31dbf67629e5ad"},
  "mdex": {:hex, :mdex, "0.13.0", "1e33bd571a49a778b4ebb1db2b0685834854cbfcdc8bbc20b9a656fc635e2bba", [:mix], [{:jason, "~> 1.0", [hex: :jason, repo: "hexpm", optional: false]}, {:lumis, "~> 0.1", [hex: :lumis, repo: "hexpm", optional: true]}, {:mdex_native, ">= 0.1.5", [hex: :mdex_native, repo: "hexpm", optional: false]}, {:nimble_options, "~> 1.0", [hex: :nimble_options, repo: "hexpm", optional: false]}, {:nimble_parsec, "~> 1.0", [hex: :nimble_parsec, repo: "hexpm", optional: false]}, {:phoenix_live_view, "~> 1.0", [hex: :phoenix_live_view, repo: "hexpm", optional: true]}], "hexpm", "098f1bafee13d3137c5c0b70949f1d47cee70869e25a478d0cea6d1c21085362"},
  "mdex_native": {:hex, :mdex_native, "0.2.1", "68e75a4e62177e600d5603a0e44d7c3fc68f0519c4f456776f52ac0282d4e250", [:mix], [{:rustler, "~> 0.32", [hex: :rustler, repo: "hexpm", optional: true]}, {:rustler_precompiled, "~> 0.7", [hex: :rustler_precompiled, repo: "hexpm", optional: false]}], "hexpm", "a32dfcd11ebde46074b507d849f7202defaba2e6becff89195a95471897e0922"},
  "metrics": {:hex, :metrics, "1.0.1", "25f094dea2cda98213cecc3aeff09e940299d950904393b2a29d191c346a8486", [:rebar3], [], "hexpm", "69b09adddc4f74a40716ae54d140f93beb0fb8978d8636eaded0c31b6f099f16"},
  "mime": {:hex, :mime, "2.0.7", "b8d739037be7cd402aee1ba0306edfdef982687ee7e9859bee6198c1e7e2f128", [:mix], [], "hexpm", "6171188e399ee16023ffc5b76ce445eb6d9672e2e241d2df6050f3c771e80ccd"},
  "mimerl": {:hex, :mimerl, "1.5.0", "f35aca6f23242339b3666e0ac0702379e362b469d0aea167f6cc713547e777ed", [:rebar3], [], "hexpm", "db648ce065bae14ea84ca8b5dd123f42f49417cef693541110bf6f9e9be9ecc4"},
  "mint": {:hex, :mint, "1.9.0", "d6f534c2a3e98b2a8cc749b4796eb77e9e3af79a76f96e4c74035a827de0d318", [:mix], [{:castore, "~> 0.1.0 or ~> 1.0", [hex: :castore, repo: "hexpm", optional: true]}, {:hpax, "~> 0.1.1 or ~> 0.2.0 or ~> 1.0", [hex: :hpax, repo: "hexpm", optional: false]}], "hexpm", "007154c7d8c43916aed3c93afd1f11aebbaa9c5ff4b7ba55ebe0d17ee0296042"},
  "mix_audit": {:hex, :mix_audit, "2.1.5", "c0f77cee6b4ef9d97e37772359a187a166c7a1e0e08b50edf5bf6959dfe5a016", [:make, :mix], [{:jason, "~> 1.4", [hex: :jason, repo: "hexpm", optional: false]}, {:yaml_elixir, "~> 2.11", [hex: :yaml_elixir, repo: "hexpm", optional: false]}], "hexpm", "87f9298e21da32f697af535475860dc1d3617a010e0b418d2ec6142bc8b42d69"},
  "nimble_options": {:hex, :nimble_options, "1.1.1", "e3a492d54d85fc3fd7c5baf411d9d2852922f66e69476317787a7b2bb000a61b", [:mix], [], "hexpm", "821b2470ca9442c4b6984882fe9bb0389371b8ddec4d45a9504f00a66f650b44"},
  "nimble_parsec": {:hex, :nimble_parsec, "1.4.2", "8efba0122db06df95bfaa78f791344a89352ba04baedd3849593bfce4d0dc1c6", [:mix], [], "hexpm", "4b21398942dda052b403bbe1da991ccd03a053668d147d53fb8c4e0efe09c973"},
  "nimble_pool": {:hex, :nimble_pool, "1.1.0", "bf9c29fbdcba3564a8b800d1eeb5a3c58f36e1e11d7b7fb2e084a643f645f06b", [:mix], [], "hexpm", "af2e4e6b34197db81f7aad230c1118eac993acc0dae6bc83bac0126d4ae0813a"},
  "parse_trans": {:hex, :parse_trans, "3.4.1", "6e6aa8167cb44cc8f39441d05193be6e6f4e7c2946cb2759f015f8c56b76e5ff", [:rebar3], [], "hexpm", "620a406ce75dada827b82e453c19cf06776be266f5a67cff34e1ef2cbb60e49a"},
  "phoenix": {:hex, :phoenix, "1.8.7", "d8d755b4ff4b449f610223dd706b4ae64155cb720d3dc09c706c079ecea189e4", [:mix], [{:bandit, "~> 1.0", [hex: :bandit, repo: "hexpm", optional: true]}, {:jason, "~> 1.0", [hex: :jason, repo: "hexpm", optional: true]}, {:phoenix_pubsub, "~> 2.1", [hex: :phoenix_pubsub, repo: "hexpm", optional: false]}, {:phoenix_template, "~> 1.0", [hex: :phoenix_template, repo: "hexpm", optional: false]}, {:phoenix_view, "~> 2.0", [hex: :phoenix_view, repo: "hexpm", optional: true]}, {:plug, "~> 1.14", [hex: :plug, repo: "hexpm", optional: false]}, {:plug_cowboy, "~> 2.7", [hex: :plug_cowboy, repo: "hexpm", optional: true]}, {:plug_crypto, "~> 1.2 or ~> 2.0", [hex: :plug_crypto, repo: "hexpm", optional: false]}, {:telemetry, "~> 0.4 or ~> 1.0", [hex: :telemetry, repo: "hexpm", optional: false]}, {:websock_adapter, "~> 0.5.3", [hex: :websock_adapter, repo: "hexpm", optional: false]}], "hexpm", "47352f72d6ab31009ef77516b1b3a14745be97b54061fd458031b9d8294869d5"},
  "phoenix_ecto": {:hex, :phoenix_ecto, "4.7.0", "75c4b9dfb3efdc42aec2bd5f8bccd978aca0651dbcbc7a3f362ea5d9d43153c6", [:mix], [{:ecto, "~> 3.5", [hex: :ecto, repo: "hexpm", optional: false]}, {:phoenix_html, "~> 2.14.2 or ~> 3.0 or ~> 4.1", [hex: :phoenix_html, repo: "hexpm", optional: true]}, {:plug, "~> 1.9", [hex: :plug, repo: "hexpm", optional: false]}, {:postgrex, "~> 0.16 or ~> 1.0", [hex: :postgrex, repo: "hexpm", optional: true]}], "hexpm", "1d75011e4254cb4ddf823e81823a9629559a1be93b4321a6a5f11a5306fbf4cc"},
  "phoenix_html": {:hex, :phoenix_html, "4.3.0", "d3577a5df4b6954cd7890c84d955c470b5310bb49647f0a114a6eeecc850f7ad", [:mix], [], "hexpm", "3eaa290a78bab0f075f791a46a981bbe769d94bc776869f4f3063a14f30497ad"},
  "phoenix_live_dashboard": {:hex, :phoenix_live_dashboard, "0.8.7", "405880012cb4b706f26dd1c6349125bfc903fb9e44d1ea668adaf4e04d4884b7", [:mix], [{:ecto, "~> 3.6.2 or ~> 3.7", [hex: :ecto, repo: "hexpm", optional: true]}, {:ecto_mysql_extras, "~> 0.5", [hex: :ecto_mysql_extras, repo: "hexpm", optional: true]}, {:ecto_psql_extras, "~> 0.7", [hex: :ecto_psql_extras, repo: "hexpm", optional: true]}, {:ecto_sqlite3_extras, "~> 1.1.7 or ~> 1.2.0", [hex: :ecto_sqlite3_extras, repo: "hexpm", optional: true]}, {:mime, "~> 1.6 or ~> 2.0", [hex: :mime, repo: "hexpm", optional: false]}, {:phoenix_live_view, "~> 0.19 or ~> 1.0", [hex: :phoenix_live_view, repo: "hexpm", optional: false]}, {:telemetry_metrics, "~> 0.6 or ~> 1.0", [hex: :telemetry_metrics, repo: "hexpm", optional: false]}], "hexpm", "3a8625cab39ec261d48a13b7468dc619c0ede099601b084e343968309bd4d7d7"},
  "phoenix_live_reload": {:hex, :phoenix_live_reload, "1.6.2", "b18b0773a1ba77f28c52decbb0f10fd1ac4d3ae5b8632399bbf6986e3b665f62", [:mix], [{:file_system, "~> 0.2.10 or ~> 1.0", [hex: :file_system, repo: "hexpm", optional: false]}, {:phoenix, "~> 1.4", [hex: :phoenix, repo: "hexpm", optional: false]}], "hexpm", "d1f89c18114c50d394721365ffb428cce24f1c13de0467ffa773e2ff4a30d5b9"},
  "phoenix_live_view": {:hex, :phoenix_live_view, "1.1.31", "c45c85df509dd79c917bc530e26c71299e3920850f65ea52ab6a19ccee66875a", [:mix], [{:igniter, ">= 0.6.16 and < 1.0.0-0", [hex: :igniter, repo: "hexpm", optional: true]}, {:jason, "~> 1.0", [hex: :jason, repo: "hexpm", optional: true]}, {:lazy_html, "~> 0.1.0", [hex: :lazy_html, repo: "hexpm", optional: true]}, {:phoenix, "~> 1.6.15 or ~> 1.7.0 or ~> 1.8.0-rc", [hex: :phoenix, repo: "hexpm", optional: false]}, {:phoenix_html, "~> 3.3 or ~> 4.0", [hex: :phoenix_html, repo: "hexpm", optional: false]}, {:phoenix_template, "~> 1.0", [hex: :phoenix_template, repo: "hexpm", optional: false]}, {:phoenix_view, "~> 2.0", [hex: :phoenix_view, repo: "hexpm", optional: true]}, {:plug, "~> 1.15", [hex: :plug, repo: "hexpm", optional: false]}, {:telemetry, "~> 0.4.2 or ~> 1.0", [hex: :telemetry, repo: "hexpm", optional: false]}], "hexpm", "2f53cc6a9e149f30449341c2775990819d97e3b22338fe719c4d30342e6f9638"},
  "phoenix_pubsub": {:hex, :phoenix_pubsub, "2.2.0", "ff3a5616e1bed6804de7773b92cbccfc0b0f473faf1f63d7daf1206c7aeaaa6f", [:mix], [], "hexpm", "adc313a5bf7136039f63cfd9668fde73bba0765e0614cba80c06ac9460ff3e96"},
  "phoenix_template": {:hex, :phoenix_template, "1.0.4", "e2092c132f3b5e5b2d49c96695342eb36d0ed514c5b252a77048d5969330d639", [:mix], [{:phoenix_html, "~> 2.14.2 or ~> 3.0 or ~> 4.0", [hex: :phoenix_html, repo: "hexpm", optional: true]}], "hexpm", "2c0c81f0e5c6753faf5cca2f229c9709919aba34fab866d3bc05060c9c444206"},
  "plug": {:hex, :plug, "1.19.2", "e4950525b22c6789dfb38a3f95d47171ba159da3fc5a33be9643b43d5e8adb98", [:mix], [{:mime, "~> 1.0 or ~> 2.0", [hex: :mime, repo: "hexpm", optional: false]}, {:plug_crypto, "~> 1.1.1 or ~> 1.2 or ~> 2.0", [hex: :plug_crypto, repo: "hexpm", optional: false]}, {:telemetry, "~> 0.4.3 or ~> 1.0", [hex: :telemetry, repo: "hexpm", optional: false]}], "hexpm", "b6fce20a56af5e60fa5dfecf3f907bb98ec981be43c79a3809a499bc3d133de0"},
  "plug_crypto": {:hex, :plug_crypto, "2.1.1", "19bda8184399cb24afa10be734f84a16ea0a2bc65054e23a62bb10f06bc89491", [:mix], [], "hexpm", "6470bce6ffe41c8bd497612ffde1a7e4af67f36a15eea5f921af71cf3e11247c"},
  "sleeplocks": {:hex, :sleeplocks, "1.1.4", "be657d2326fad313a9cbc45374dcd861416f2f2097bc71c4de1538b65c7ccc8e", [:rebar3], [], "hexpm", "bc12752ab0693ea4e4a3bcf4e063cef408d71197a3c0fad75497fabd475f5481"},
  "ssl_verify_fun": {:hex, :ssl_verify_fun, "1.1.7", "354c321cf377240c7b8716899e182ce4890c5938111a1296add3ec74cf1715df", [:make, :mix, :rebar3], [], "hexpm", "fe4c190e8f37401d30167c8c405eda19469f34577987c76dde613e838bbc67f8"},
  "swoosh": {:hex, :swoosh, "1.26.2", "1e5f398c6ab313d028b9bf604165f051e279093090c50b6f93090cf6a599b0f7", [:mix], [{:bandit, ">= 1.0.0", [hex: :bandit, repo: "hexpm", optional: true]}, {:cowboy, "~> 1.1 or ~> 2.4", [hex: :cowboy, repo: "hexpm", optional: true]}, {:ex_aws, "~> 2.1", [hex: :ex_aws, repo: "hexpm", optional: true]}, {:finch, "~> 0.6", [hex: :finch, repo: "hexpm", optional: true]}, {:gen_smtp, "~> 0.13 or ~> 1.0", [hex: :gen_smtp, repo: "hexpm", optional: true]}, {:hackney, ">= 1.9.0 and < 5.0.0", [hex: :hackney, repo: "hexpm", optional: true]}, {:idna, ">= 6.0.0 and < 8.0.0", [hex: :idna, repo: "hexpm", optional: false]}, {:jason, "~> 1.0", [hex: :jason, repo: "hexpm", optional: false]}, {:mail, "~> 0.2", [hex: :mail, repo: "hexpm", optional: true]}, {:mime, "~> 1.1 or ~> 2.0", [hex: :mime, repo: "hexpm", optional: false]}, {:mua, "~> 0.2.3", [hex: :mua, repo: "hexpm", optional: true]}, {:multipart, "~> 0.4", [hex: :multipart, repo: "hexpm", optional: true]}, {:plug, "~> 1.9", [hex: :plug, repo: "hexpm", optional: true]}, {:plug_cowboy, ">= 1.0.0", [hex: :plug_cowboy, repo: "hexpm", optional: true]}, {:req, "~> 0.5.10 or ~> 0.6 or ~> 1.0", [hex: :req, repo: "hexpm", optional: true]}, {:telemetry, "~> 0.4.2 or ~> 1.0", [hex: :telemetry, repo: "hexpm", optional: false]}], "hexpm", "08c6a1636b82721d0f64259053a733526526d077011ff6a7776f80e21dc60757"},
  "tailwind": {:hex, :tailwind, "0.4.1", "e7bcc222fe96a1e55f948e76d13dd84a1a7653fb051d2a167135db3b4b08d3e9", [:mix], [], "hexpm", "6249d4f9819052911120dbdbe9e532e6bd64ea23476056adb7f730aa25c220d1"},
  "telemetry": {:hex, :telemetry, "1.4.2", "a0cb522801dffb1c49fe6e30561badffc7b6d0e180db1300df759faa22062855", [:rebar3], [], "hexpm", "928f6495066506077862c0d1646609eed891a4326bee3126ba54b60af61febb1"},
  "telemetry_metrics": {:hex, :telemetry_metrics, "1.1.0", "5bd5f3b5637e0abea0426b947e3ce5dd304f8b3bc6617039e2b5a008adc02f8f", [:mix], [{:telemetry, "~> 0.4 or ~> 1.0", [hex: :telemetry, repo: "hexpm", optional: false]}], "hexpm", "e7b79e8ddfde70adb6db8a6623d1778ec66401f366e9a8f5dd0955c56bc8ce67"},
  "telemetry_poller": {:hex, :telemetry_poller, "1.3.0", "d5c46420126b5ac2d72bc6580fb4f537d35e851cc0f8dbd571acf6d6e10f5ec7", [:rebar3], [{:telemetry, "~> 1.0", [hex: :telemetry, repo: "hexpm", optional: false]}], "hexpm", "51f18bed7128544a50f75897db9974436ea9bfba560420b646af27a9a9b35211"},
  "thousand_island": {:hex, :thousand_island, "1.5.0", "f50a213cac97262b6d5ebb85745aa2c00fec1413191e6e66834788d45425cecb", [:mix], [{:telemetry, "~> 0.4 or ~> 1.0", [hex: :telemetry, repo: "hexpm", optional: false]}], "hexpm", "708923d40523e43cf99041ab37a0d4b0ec426ac6438fa3716ab23d919eaeb412"},
  "tzdata": {:hex, :tzdata, "1.1.4", "989e0855df5ee8c40eb929ad971bedd7a51e2c223f051fd95cc2d2cf56a60c19", [:mix], [{:hackney, "~> 1.17", [hex: :hackney, repo: "hexpm", optional: false]}], "hexpm", "ab48888699de8ff4a255522fd858abe81bac2e64690a375e6cb590112cf4a24e"},
  "unicode_util_compat": {:hex, :unicode_util_compat, "0.7.1", "a48703a25c170eedadca83b11e88985af08d35f37c6f664d6dcfb106a97782fc", [:rebar3], [], "hexpm", "b3a917854ce3ae233619744ad1e0102e05673136776fb2fa76234f3e03b23642"},
  "unsafe": {:hex, :unsafe, "1.0.2", "23c6be12f6c1605364801f4b47007c0c159497d0446ad378b5cf05f1855c0581", [:mix], [], "hexpm", "b485231683c3ab01a9cd44cb4a79f152c6f3bb87358439c6f68791b85c2df675"},
  "vix": {:hex, :vix, "0.36.0", "3132dc065beda06dab1895a53d8c852d8e6a5bbca375c609435e968b1290e113", [:make, :mix], [{:cc_precompiler, "~> 0.1.4 or ~> 0.2", [hex: :cc_precompiler, repo: "hexpm", optional: false]}, {:elixir_make, "~> 0.7.3 or ~> 0.8", [hex: :elixir_make, repo: "hexpm", optional: false]}, {:kino, "~> 0.7", [hex: :kino, repo: "hexpm", optional: true]}], "hexpm", "92f912b4e90c453f92942742105bcdb367ad53406759da251bd2e587e33f4134"},
  "websock": {:hex, :websock, "0.5.3", "2f69a6ebe810328555b6fe5c831a851f485e303a7c8ce6c5f675abeb20ebdadc", [:mix], [], "hexpm", "6105453d7fac22c712ad66fab1d45abdf049868f253cf719b625151460b8b453"},
  "websock_adapter": {:hex, :websock_adapter, "0.5.9", "43dc3ba6d89ef5dec5b1d0a39698436a1e856d000d84bf31a3149862b01a287f", [:mix], [{:bandit, ">= 0.6.0", [hex: :bandit, repo: "hexpm", optional: true]}, {:plug, "~> 1.14", [hex: :plug, repo: "hexpm", optional: false]}, {:plug_cowboy, "~> 2.6", [hex: :plug_cowboy, repo: "hexpm", optional: true]}, {:websock, "~> 0.5", [hex: :websock, repo: "hexpm", optional: false]}], "hexpm", "5534d5c9adad3c18a0f58a9371220d75a803bf0b9a3d87e6fe072faaeed76a08"},
  "yamerl": {:hex, :yamerl, "0.10.0", "4ff81fee2f1f6a46f1700c0d880b24d193ddb74bd14ef42cb0bcf46e81ef2f8e", [:rebar3], [], "hexpm", "346adb2963f1051dc837a2364e4acf6eb7d80097c0f53cbdc3046ec8ec4b4e6e"},
  "yaml_elixir": {:hex, :yaml_elixir, "2.12.2", "9dd1330fb4cd9a36a7b0f502e5b12486eff632792ee4a5f0eba52a4d4ec32c9c", [:mix], [{:yamerl, "~> 0.10", [hex: :yamerl, repo: "hexpm", optional: false]}], "hexpm", "e7c1b10122f973e6558462d51c39026ba0e14afbc6745318e990ea82cfe9e159"},
}
